
Microsoft Visual Studio Solution File, Format Version 12.00
# Visual Studio 2012
Project("{8BC9CEB8-8B4A-11D0-8D11-00A0C91BC942}") = "Mt4Msg", "Mt4Msg\Mt4Msg.vcxproj", "{ABFC3586-959A-4D26-93B1-72A91BF82ED0}"
EndProject
Project("{8BC9CEB8-8B4A-11D0-8D11-00A0C91BC942}") = "SqlCreater", "SqlCreater\SqlCreater.vcxproj", "{0B00E002-C2F3-4E9F-8628-A29D7B7A87B2}"
EndProject
Project("{8BC9CEB8-8B4A-11D0-8D11-00A0C91BC942}") = "LoadDataFromFile", "LoadDataFromFile\LoadDataFromFile.vcxproj", "{C109F5BA-17B7-4D27-AFC5-80506FB8BD5D}"
EndProject
Project("{8BC9CEB8-8B4A-11D0-8D11-00A0C91BC942}") = "Mt4MsgTest", "Mt4MsgTest\Mt4MsgTest.vcxproj", "{071DFEBF-A73C-42F8-9030-E33624B6CD77}"
	ProjectSection(ProjectDependencies) = postProject
		{ABFC3586-959A-4D26-93B1-72A91BF82ED0} = {ABFC3586-959A-4D26-93B1-72A91BF82ED0}
	EndProjectSection
EndProject
Project("{8BC9CEB8-8B4A-11D0-8D11-00A0C91BC942}") = "DataProcess", "DataProcess\DataProcess.vcxproj", "{EC605991-568A-4D19-A992-95BDA62F71C5}"
EndProject
Project("{8BC9CEB8-8B4A-11D0-8D11-00A0C91BC942}") = "Guardian", "Guardian\Guardian.vcxproj", "{327E7241-35B4-4C41-B524-E319CE71DE0B}"
EndProject
Project("{8BC9CEB8-8B4A-11D0-8D11-00A0C91BC942}") = "Runtest", "Runtest\Runtest.vcxproj", "{E595C627-C600-49F2-B78A-76EA18A43E68}"
EndProject
Project("{8BC9CEB8-8B4A-11D0-8D11-00A0C91BC942}") = "DataShow", "DataShow\DataShow.vcxproj", "{05E2186D-9FFD-4D9F-95C5-143C9FA35612}"
EndProject
Global
	GlobalSection(SolutionConfigurationPlatforms) = preSolution
		Debug|Mixed Platforms = Debug|Mixed Platforms
		Debug|Win32 = Debug|Win32
		Debug|x64 = Debug|x64
		Release|Mixed Platforms = Release|Mixed Platforms
		Release|Win32 = Release|Win32
		Release|x64 = Release|x64
	EndGlobalSection
	GlobalSection(ProjectConfigurationPlatforms) = postSolution
		{ABFC3586-959A-4D26-93B1-72A91BF82ED0}.Debug|Mixed Platforms.ActiveCfg = Debug|x64
		{ABFC3586-959A-4D26-93B1-72A91BF82ED0}.Debug|Mixed Platforms.Build.0 = Debug|x64
		{ABFC3586-959A-4D26-93B1-72A91BF82ED0}.Debug|Win32.ActiveCfg = Debug|Win32
		{ABFC3586-959A-4D26-93B1-72A91BF82ED0}.Debug|Win32.Build.0 = Debug|Win32
		{ABFC3586-959A-4D26-93B1-72A91BF82ED0}.Debug|x64.ActiveCfg = Debug|x64
		{ABFC3586-959A-4D26-93B1-72A91BF82ED0}.Debug|x64.Build.0 = Debug|x64
		{ABFC3586-959A-4D26-93B1-72A91BF82ED0}.Release|Mixed Platforms.ActiveCfg = Release|Win32
		{ABFC3586-959A-4D26-93B1-72A91BF82ED0}.Release|Mixed Platforms.Build.0 = Release|Win32
		{ABFC3586-959A-4D26-93B1-72A91BF82ED0}.Release|Win32.ActiveCfg = Release|Win32
		{ABFC3586-959A-4D26-93B1-72A91BF82ED0}.Release|Win32.Build.0 = Release|Win32
		{ABFC3586-959A-4D26-93B1-72A91BF82ED0}.Release|x64.ActiveCfg = Release|x64
		{ABFC3586-959A-4D26-93B1-72A91BF82ED0}.Release|x64.Build.0 = Release|x64
		{0B00E002-C2F3-4E9F-8628-A29D7B7A87B2}.Debug|Mixed Platforms.ActiveCfg = Debug|Win32
		{0B00E002-C2F3-4E9F-8628-A29D7B7A87B2}.Debug|Mixed Platforms.Build.0 = Debug|Win32
		{0B00E002-C2F3-4E9F-8628-A29D7B7A87B2}.Debug|Win32.ActiveCfg = Debug|Win32
		{0B00E002-C2F3-4E9F-8628-A29D7B7A87B2}.Debug|Win32.Build.0 = Debug|Win32
		{0B00E002-C2F3-4E9F-8628-A29D7B7A87B2}.Debug|x64.ActiveCfg = Debug|x64
		{0B00E002-C2F3-4E9F-8628-A29D7B7A87B2}.Debug|x64.Build.0 = Debug|x64
		{0B00E002-C2F3-4E9F-8628-A29D7B7A87B2}.Release|Mixed Platforms.ActiveCfg = Release|Win32
		{0B00E002-C2F3-4E9F-8628-A29D7B7A87B2}.Release|Mixed Platforms.Build.0 = Release|Win32
		{0B00E002-C2F3-4E9F-8628-A29D7B7A87B2}.Release|Win32.ActiveCfg = Release|Win32
		{0B00E002-C2F3-4E9F-8628-A29D7B7A87B2}.Release|Win32.Build.0 = Release|Win32
		{0B00E002-C2F3-4E9F-8628-A29D7B7A87B2}.Release|x64.ActiveCfg = Release|Win32
		{C109F5BA-17B7-4D27-AFC5-80506FB8BD5D}.Debug|Mixed Platforms.ActiveCfg = Debug|Win32
		{C109F5BA-17B7-4D27-AFC5-80506FB8BD5D}.Debug|Mixed Platforms.Build.0 = Debug|Win32
		{C109F5BA-17B7-4D27-AFC5-80506FB8BD5D}.Debug|Win32.ActiveCfg = Debug|Win32
		{C109F5BA-17B7-4D27-AFC5-80506FB8BD5D}.Debug|Win32.Build.0 = Debug|Win32
		{C109F5BA-17B7-4D27-AFC5-80506FB8BD5D}.Debug|x64.ActiveCfg = Debug|x64
		{C109F5BA-17B7-4D27-AFC5-80506FB8BD5D}.Debug|x64.Build.0 = Debug|x64
		{C109F5BA-17B7-4D27-AFC5-80506FB8BD5D}.Release|Mixed Platforms.ActiveCfg = Release|Win32
		{C109F5BA-17B7-4D27-AFC5-80506FB8BD5D}.Release|Mixed Platforms.Build.0 = Release|Win32
		{C109F5BA-17B7-4D27-AFC5-80506FB8BD5D}.Release|Win32.ActiveCfg = Release|Win32
		{C109F5BA-17B7-4D27-AFC5-80506FB8BD5D}.Release|Win32.Build.0 = Release|Win32
		{C109F5BA-17B7-4D27-AFC5-80506FB8BD5D}.Release|x64.ActiveCfg = Release|Win32
		{071DFEBF-A73C-42F8-9030-E33624B6CD77}.Debug|Mixed Platforms.ActiveCfg = Debug|Win32
		{071DFEBF-A73C-42F8-9030-E33624B6CD77}.Debug|Mixed Platforms.Build.0 = Debug|Win32
		{071DFEBF-A73C-42F8-9030-E33624B6CD77}.Debug|Win32.ActiveCfg = Debug|Win32
		{071DFEBF-A73C-42F8-9030-E33624B6CD77}.Debug|Win32.Build.0 = Debug|Win32
		{071DFEBF-A73C-42F8-9030-E33624B6CD77}.Debug|x64.ActiveCfg = Debug|Win32
		{071DFEBF-A73C-42F8-9030-E33624B6CD77}.Release|Mixed Platforms.ActiveCfg = Release|Win32
		{071DFEBF-A73C-42F8-9030-E33624B6CD77}.Release|Mixed Platforms.Build.0 = Release|Win32
		{071DFEBF-A73C-42F8-9030-E33624B6CD77}.Release|Win32.ActiveCfg = Release|Win32
		{071DFEBF-A73C-42F8-9030-E33624B6CD77}.Release|Win32.Build.0 = Release|Win32
		{071DFEBF-A73C-42F8-9030-E33624B6CD77}.Release|x64.ActiveCfg = Release|Win32
		{EC605991-568A-4D19-A992-95BDA62F71C5}.Debug|Mixed Platforms.ActiveCfg = Debug|Win32
		{EC605991-568A-4D19-A992-95BDA62F71C5}.Debug|Mixed Platforms.Build.0 = Debug|Win32
		{EC605991-568A-4D19-A992-95BDA62F71C5}.Debug|Win32.ActiveCfg = Debug|Win32
		{EC605991-568A-4D19-A992-95BDA62F71C5}.Debug|Win32.Build.0 = Debug|Win32
		{EC605991-568A-4D19-A992-95BDA62F71C5}.Debug|x64.ActiveCfg = Debug|Win32
		{EC605991-568A-4D19-A992-95BDA62F71C5}.Release|Mixed Platforms.ActiveCfg = Release|Win32
		{EC605991-568A-4D19-A992-95BDA62F71C5}.Release|Mixed Platforms.Build.0 = Release|Win32
		{EC605991-568A-4D19-A992-95BDA62F71C5}.Release|Win32.ActiveCfg = Release|Win32
		{EC605991-568A-4D19-A992-95BDA62F71C5}.Release|Win32.Build.0 = Release|Win32
		{EC605991-568A-4D19-A992-95BDA62F71C5}.Release|x64.ActiveCfg = Release|Win32
		{327E7241-35B4-4C41-B524-E319CE71DE0B}.Debug|Mixed Platforms.ActiveCfg = Debug|Win32
		{327E7241-35B4-4C41-B524-E319CE71DE0B}.Debug|Mixed Platforms.Build.0 = Debug|Win32
		{327E7241-35B4-4C41-B524-E319CE71DE0B}.Debug|Win32.ActiveCfg = Debug|Win32
		{327E7241-35B4-4C41-B524-E319CE71DE0B}.Debug|Win32.Build.0 = Debug|Win32
		{327E7241-35B4-4C41-B524-E319CE71DE0B}.Debug|x64.ActiveCfg = Debug|Win32
		{327E7241-35B4-4C41-B524-E319CE71DE0B}.Release|Mixed Platforms.ActiveCfg = Release|Win32
		{327E7241-35B4-4C41-B524-E319CE71DE0B}.Release|Mixed Platforms.Build.0 = Release|Win32
		{327E7241-35B4-4C41-B524-E319CE71DE0B}.Release|Win32.ActiveCfg = Release|Win32
		{327E7241-35B4-4C41-B524-E319CE71DE0B}.Release|Win32.Build.0 = Release|Win32
		{327E7241-35B4-4C41-B524-E319CE71DE0B}.Release|x64.ActiveCfg = Release|Win32
		{E595C627-C600-49F2-B78A-76EA18A43E68}.Debug|Mixed Platforms.ActiveCfg = Debug|Win32
		{E595C627-C600-49F2-B78A-76EA18A43E68}.Debug|Mixed Platforms.Build.0 = Debug|Win32
		{E595C627-C600-49F2-B78A-76EA18A43E68}.Debug|Win32.ActiveCfg = Debug|Win32
		{E595C627-C600-49F2-B78A-76EA18A43E68}.Debug|Win32.Build.0 = Debug|Win32
		{E595C627-C600-49F2-B78A-76EA18A43E68}.Debug|x64.ActiveCfg = Debug|Win32
		{E595C627-C600-49F2-B78A-76EA18A43E68}.Release|Mixed Platforms.ActiveCfg = Release|Win32
		{E595C627-C600-49F2-B78A-76EA18A43E68}.Release|Mixed Platforms.Build.0 = Release|Win32
		{E595C627-C600-49F2-B78A-76EA18A43E68}.Release|Win32.ActiveCfg = Release|Win32
		{E595C627-C600-49F2-B78A-76EA18A43E68}.Release|Win32.Build.0 = Release|Win32
		{E595C627-C600-49F2-B78A-76EA18A43E68}.Release|x64.ActiveCfg = Release|Win32
		{05E2186D-9FFD-4D9F-95C5-143C9FA35612}.Debug|Mixed Platforms.ActiveCfg = Debug|Win32
		{05E2186D-9FFD-4D9F-95C5-143C9FA35612}.Debug|Mixed Platforms.Build.0 = Debug|Win32
		{05E2186D-9FFD-4D9F-95C5-143C9FA35612}.Debug|Win32.ActiveCfg = Debug|Win32
		{05E2186D-9FFD-4D9F-95C5-143C9FA35612}.Debug|Win32.Build.0 = Debug|Win32
		{05E2186D-9FFD-4D9F-95C5-143C9FA35612}.Debug|x64.ActiveCfg = Debug|Win32
		{05E2186D-9FFD-4D9F-95C5-143C9FA35612}.Release|Mixed Platforms.ActiveCfg = Release|Win32
		{05E2186D-9FFD-4D9F-95C5-143C9FA35612}.Release|Mixed Platforms.Build.0 = Release|Win32
		{05E2186D-9FFD-4D9F-95C5-143C9FA35612}.Release|Win32.ActiveCfg = Release|Win32
		{05E2186D-9FFD-4D9F-95C5-143C9FA35612}.Release|Win32.Build.0 = Release|Win32
		{05E2186D-9FFD-4D9F-95C5-143C9FA35612}.Release|x64.ActiveCfg = Release|Win32
	EndGlobalSection
	GlobalSection(SolutionProperties) = preSolution
		HideSolutionNode = FALSE
	EndGlobalSection
EndGlobal
