<?xml version="1.0" encoding="utf-8"?>
<Project ToolsVersion="4.0" xmlns="http://schemas.microsoft.com/developer/msbuild/2003">
  <ItemGroup>
    <Filter Include="源文件">
      <UniqueIdentifier>{4FC737F1-C7A5-4376-A066-2A32D752A2FF}</UniqueIdentifier>
      <Extensions>cpp;c;cc;cxx;def;odl;idl;hpj;bat;asm;asmx</Extensions>
    </Filter>
    <Filter Include="头文件">
      <UniqueIdentifier>{93995380-89BD-4b04-88EB-625FBE52EBFB}</UniqueIdentifier>
      <Extensions>h;hpp;hxx;hm;inl;inc;xsd</Extensions>
    </Filter>
    <Filter Include="资源文件">
      <UniqueIdentifier>{67DA6AB6-F800-4c08-8B7A-83BB121AAD01}</UniqueIdentifier>
      <Extensions>rc;ico;cur;bmp;dlg;rc2;rct;bin;rgs;gif;jpg;jpeg;jpe;resx;tiff;tif;png;wav;mfcribbon-ms</Extensions>
    </Filter>
    <Filter Include="public">
      <UniqueIdentifier>{f929e2df-f1bb-4eb7-aaa6-8f4a821a8a7f}</UniqueIdentifier>
    </Filter>
    <Filter Include="public\task">
      <UniqueIdentifier>{9232f133-ebe3-45ea-8e82-36b00c7d6d88}</UniqueIdentifier>
    </Filter>
    <Filter Include="public\tinyXml">
      <UniqueIdentifier>{e2ce997b-5e97-4809-ace9-d801550cd0fd}</UniqueIdentifier>
    </Filter>
    <Filter Include="public\process">
      <UniqueIdentifier>{4dd82016-1d73-461a-a20c-39a8b2587ced}</UniqueIdentifier>
    </Filter>
    <Filter Include="public\process\cap">
      <UniqueIdentifier>{e03d96f6-e28b-4989-b086-d9513d8bedaf}</UniqueIdentifier>
    </Filter>
    <Filter Include="public\process\calculation">
      <UniqueIdentifier>{004a5b30-8568-4dd7-9724-9dd99347baf7}</UniqueIdentifier>
    </Filter>
    <Filter Include="public\process\obj">
      <UniqueIdentifier>{7b4f3ca2-0d67-44d0-afba-5091b33f7844}</UniqueIdentifier>
    </Filter>
    <Filter Include="public\process\obj\continue">
      <UniqueIdentifier>{faffb149-fdf4-45ed-8add-e04147553c37}</UniqueIdentifier>
    </Filter>
    <Filter Include="public\data">
      <UniqueIdentifier>{a8409b9c-c770-45ec-aeb8-1a1588c8f2eb}</UniqueIdentifier>
    </Filter>
    <Filter Include="public\db">
      <UniqueIdentifier>{65db1996-9123-43b6-a95b-fa1acce1ca83}</UniqueIdentifier>
    </Filter>
    <Filter Include="public\db\dataStruct">
      <UniqueIdentifier>{49e22ab3-4f69-45e4-afdc-ae7c1922317c}</UniqueIdentifier>
    </Filter>
    <Filter Include="public\table">
      <UniqueIdentifier>{cc12b38a-ec8b-4f67-a04e-83c07a4e569a}</UniqueIdentifier>
    </Filter>
    <Filter Include="public\rate">
      <UniqueIdentifier>{1353800c-4c94-47d3-98c9-3171a8aec181}</UniqueIdentifier>
    </Filter>
    <Filter Include="public\tools">
      <UniqueIdentifier>{c877bc73-cd3a-45d6-83b0-1d070cfa4f6b}</UniqueIdentifier>
    </Filter>
  </ItemGroup>
  <ItemGroup>
    <Text Include="ReadMe.txt" />
  </ItemGroup>
  <ItemGroup>
    <ClInclude Include="targetver.h">
      <Filter>头文件</Filter>
    </ClInclude>
    <ClInclude Include="Mt4Msg.h">
      <Filter>头文件</Filter>
    </ClInclude>
    <ClInclude Include="..\Florex\table\Exception.h">
      <Filter>头文件</Filter>
    </ClInclude>
    <ClInclude Include="RateMsg.h">
      <Filter>头文件</Filter>
    </ClInclude>
    <ClInclude Include="..\public\code\ConstDef.h">
      <Filter>public</Filter>
    </ClInclude>
    <ClInclude Include="..\public\code\Exception.h">
      <Filter>public</Filter>
    </ClInclude>
    <ClInclude Include="..\public\code\LinkedHashMap.h">
      <Filter>public</Filter>
    </ClInclude>
    <ClInclude Include="..\public\code\LogObj.h">
      <Filter>public</Filter>
    </ClInclude>
    <ClInclude Include="..\public\code\PubFun.h">
      <Filter>public</Filter>
    </ClInclude>
    <ClInclude Include="..\public\code\task\baseTask.h">
      <Filter>public\task</Filter>
    </ClInclude>
    <ClInclude Include="..\public\code\task\dbTestTask.h">
      <Filter>public\task</Filter>
    </ClInclude>
    <ClInclude Include="..\public\code\task\processTask.h">
      <Filter>public\task</Filter>
    </ClInclude>
    <ClInclude Include="..\public\code\task\taskBuilder.h">
      <Filter>public\task</Filter>
    </ClInclude>
    <ClInclude Include="..\public\code\task\taskRunner.h">
      <Filter>public\task</Filter>
    </ClInclude>
    <ClInclude Include="..\public\code\tinyXml\tinystr.h">
      <Filter>public\tinyXml</Filter>
    </ClInclude>
    <ClInclude Include="..\public\code\tinyXml\tinyxml.h">
      <Filter>public\tinyXml</Filter>
    </ClInclude>
    <ClInclude Include="..\public\code\process\averageProcess.h">
      <Filter>public\process</Filter>
    </ClInclude>
    <ClInclude Include="..\public\code\process\baseProcess.h">
      <Filter>public\process</Filter>
    </ClInclude>
    <ClInclude Include="..\public\code\process\processType.h">
      <Filter>public\process</Filter>
    </ClInclude>
    <ClInclude Include="..\public\code\process\continueProcess.h">
      <Filter>public\process</Filter>
    </ClInclude>
    <ClInclude Include="..\public\code\process\cap\additionCap.h">
      <Filter>public\process\cap</Filter>
    </ClInclude>
    <ClInclude Include="..\public\code\process\cap\baseCap.h">
      <Filter>public\process\cap</Filter>
    </ClInclude>
    <ClInclude Include="..\public\code\process\cap\speadCap.h">
      <Filter>public\process\cap</Filter>
    </ClInclude>
    <ClInclude Include="..\public\code\process\cap\threshold.h">
      <Filter>public\process\cap</Filter>
    </ClInclude>
    <ClInclude Include="..\public\code\process\calculation\averageCalc.h">
      <Filter>public\process\calculation</Filter>
    </ClInclude>
    <ClInclude Include="..\public\code\process\calculation\baseCalc.h">
      <Filter>public\process\calculation</Filter>
    </ClInclude>
    <ClInclude Include="..\public\code\process\obj\proCorrecting.h">
      <Filter>public\process\obj</Filter>
    </ClInclude>
    <ClInclude Include="..\public\code\process\obj\rateValue.h">
      <Filter>public\process\obj</Filter>
    </ClInclude>
    <ClInclude Include="..\public\code\process\obj\sum.h">
      <Filter>public\process\obj</Filter>
    </ClInclude>
    <ClInclude Include="..\public\code\process\obj\sumByTime.h">
      <Filter>public\process\obj</Filter>
    </ClInclude>
    <ClInclude Include="..\public\code\process\obj\continue\continueFinder.h">
      <Filter>public\process\obj\continue</Filter>
    </ClInclude>
    <ClInclude Include="..\public\code\process\obj\continue\continueJudgeGroup.h">
      <Filter>public\process\obj\continue</Filter>
    </ClInclude>
    <ClInclude Include="..\public\code\process\obj\continue\continueJudgeObj.h">
      <Filter>public\process\obj\continue</Filter>
    </ClInclude>
    <ClInclude Include="..\public\code\process\obj\continue\continueObj.h">
      <Filter>public\process\obj\continue</Filter>
    </ClInclude>
    <ClInclude Include="..\public\code\process\obj\continue\continueValue.h">
      <Filter>public\process\obj\continue</Filter>
    </ClInclude>
    <ClInclude Include="..\public\code\process\obj\continue\continueAnalysis.h">
      <Filter>public\process\obj\continue</Filter>
    </ClInclude>
    <ClInclude Include="..\public\code\data\globalData.h">
      <Filter>public\data</Filter>
    </ClInclude>
    <ClInclude Include="..\public\code\db\dateOperateion.h">
      <Filter>public\db</Filter>
    </ClInclude>
    <ClInclude Include="..\public\code\db\DbFunc.h">
      <Filter>public\db</Filter>
    </ClInclude>
    <ClInclude Include="..\public\code\db\DbObj.h">
      <Filter>public\db</Filter>
    </ClInclude>
    <ClInclude Include="..\public\code\db\VspdCToMySQL.h">
      <Filter>public\db</Filter>
    </ClInclude>
    <ClInclude Include="..\public\code\db\dataStruct\baseCurRateStruct.h">
      <Filter>public\db\dataStruct</Filter>
    </ClInclude>
    <ClInclude Include="..\public\code\db\dataStruct\curRateAverageStruct.h">
      <Filter>public\db\dataStruct</Filter>
    </ClInclude>
    <ClInclude Include="..\public\code\db\dataStruct\curRateStruct.h">
      <Filter>public\db\dataStruct</Filter>
    </ClInclude>
    <ClInclude Include="..\public\code\db\dataStruct\processStatusStruct.h">
      <Filter>public\db\dataStruct</Filter>
    </ClInclude>
    <ClInclude Include="..\public\code\db\dataStruct\processTaskInfoStruct.h">
      <Filter>public\db\dataStruct</Filter>
    </ClInclude>
    <ClInclude Include="..\public\code\db\dataStruct\testDbInfoStruct.h">
      <Filter>public\db\dataStruct</Filter>
    </ClInclude>
    <ClInclude Include="..\public\code\AutoMutex.h">
      <Filter>public\table</Filter>
    </ClInclude>
    <ClInclude Include="..\public\code\table\Field.h">
      <Filter>public\table</Filter>
    </ClInclude>
    <ClInclude Include="..\public\code\table\Row.h">
      <Filter>public\table</Filter>
    </ClInclude>
    <ClInclude Include="..\public\code\table\Table.h">
      <Filter>public\table</Filter>
    </ClInclude>
    <ClInclude Include="..\public\code\table\TableStruct.h">
      <Filter>public\table</Filter>
    </ClInclude>
    <ClInclude Include="..\public\code\table\Value.h">
      <Filter>public\table</Filter>
    </ClInclude>
    <ClInclude Include="..\public\code\rate\CurRate.h">
      <Filter>public\rate</Filter>
    </ClInclude>
    <ClInclude Include="..\public\code\rate\HisRate.h">
      <Filter>public\rate</Filter>
    </ClInclude>
    <ClInclude Include="..\public\code\tools\FunctionLog.h">
      <Filter>public\tools</Filter>
    </ClInclude>
  </ItemGroup>
  <ItemGroup>
    <ClCompile Include="Mt4Msg.cpp">
      <Filter>源文件</Filter>
    </ClCompile>
    <ClCompile Include="dllmain.cpp">
      <Filter>源文件</Filter>
    </ClCompile>
    <ClCompile Include="RateMsg.cpp">
      <Filter>源文件</Filter>
    </ClCompile>
    <ClCompile Include="..\public\code\Exception.cpp">
      <Filter>public</Filter>
    </ClCompile>
    <ClCompile Include="..\public\code\LogObj.cpp">
      <Filter>public</Filter>
    </ClCompile>
    <ClCompile Include="..\public\code\PubFun.cpp">
      <Filter>public</Filter>
    </ClCompile>
    <ClCompile Include="..\public\code\task\baseTask.cpp">
      <Filter>public\task</Filter>
    </ClCompile>
    <ClCompile Include="..\public\code\task\dbTestTask.cpp">
      <Filter>public\task</Filter>
    </ClCompile>
    <ClCompile Include="..\public\code\task\processTask.cpp">
      <Filter>public\task</Filter>
    </ClCompile>
    <ClCompile Include="..\public\code\task\taskBuilder.cpp">
      <Filter>public\task</Filter>
    </ClCompile>
    <ClCompile Include="..\public\code\task\taskRunner.cpp">
      <Filter>public\task</Filter>
    </ClCompile>
    <ClCompile Include="..\public\code\tinyXml\echo.cpp">
      <Filter>public\tinyXml</Filter>
    </ClCompile>
    <ClCompile Include="..\public\code\tinyXml\tinystr.cpp">
      <Filter>public\tinyXml</Filter>
    </ClCompile>
    <ClCompile Include="..\public\code\tinyXml\tinyxml.cpp">
      <Filter>public\tinyXml</Filter>
    </ClCompile>
    <ClCompile Include="..\public\code\tinyXml\tinyxmlerror.cpp">
      <Filter>public\tinyXml</Filter>
    </ClCompile>
    <ClCompile Include="..\public\code\tinyXml\tinyxmlparser.cpp">
      <Filter>public\tinyXml</Filter>
    </ClCompile>
    <ClCompile Include="..\public\code\process\averageProcess.cpp">
      <Filter>public\process</Filter>
    </ClCompile>
    <ClCompile Include="..\public\code\process\baseProcess.cpp">
      <Filter>public\process</Filter>
    </ClCompile>
    <ClCompile Include="..\public\code\process\processType.cpp">
      <Filter>public\process</Filter>
    </ClCompile>
    <ClCompile Include="..\public\code\process\continueProcess.cpp">
      <Filter>public\process</Filter>
    </ClCompile>
    <ClCompile Include="..\public\code\process\cap\additionCap.cpp">
      <Filter>public\process\cap</Filter>
    </ClCompile>
    <ClCompile Include="..\public\code\process\cap\baseCap.cpp">
      <Filter>public\process\cap</Filter>
    </ClCompile>
    <ClCompile Include="..\public\code\process\cap\speadCap.cpp">
      <Filter>public\process\cap</Filter>
    </ClCompile>
    <ClCompile Include="..\public\code\process\cap\threshold.cpp">
      <Filter>public\process\cap</Filter>
    </ClCompile>
    <ClCompile Include="..\public\code\process\calculation\averageCalc.cpp">
      <Filter>public\process\calculation</Filter>
    </ClCompile>
    <ClCompile Include="..\public\code\process\calculation\baseCalc.cpp">
      <Filter>public\process\calculation</Filter>
    </ClCompile>
    <ClCompile Include="..\public\code\process\obj\proCorrecting.cpp">
      <Filter>public\process\obj</Filter>
    </ClCompile>
    <ClCompile Include="..\public\code\process\obj\rateValue.cpp">
      <Filter>public\process\obj</Filter>
    </ClCompile>
    <ClCompile Include="..\public\code\process\obj\sum.cpp">
      <Filter>public\process\obj</Filter>
    </ClCompile>
    <ClCompile Include="..\public\code\process\obj\sumByTime.cpp">
      <Filter>public\process\obj</Filter>
    </ClCompile>
    <ClCompile Include="..\public\code\process\obj\continue\continueFinder.cpp">
      <Filter>public\process\obj\continue</Filter>
    </ClCompile>
    <ClCompile Include="..\public\code\process\obj\continue\continueJudgeGroup.cpp">
      <Filter>public\process\obj\continue</Filter>
    </ClCompile>
    <ClCompile Include="..\public\code\process\obj\continue\continueJudgeObj.cpp">
      <Filter>public\process\obj\continue</Filter>
    </ClCompile>
    <ClCompile Include="..\public\code\process\obj\continue\continueObj.cpp">
      <Filter>public\process\obj\continue</Filter>
    </ClCompile>
    <ClCompile Include="..\public\code\process\obj\continue\continueAnalysis.cpp">
      <Filter>public\process\obj\continue</Filter>
    </ClCompile>
    <ClCompile Include="..\public\code\process\obj\continue\continueValue.cpp">
      <Filter>public\process\obj\continue</Filter>
    </ClCompile>
    <ClCompile Include="..\public\code\data\globalData.cpp">
      <Filter>public\data</Filter>
    </ClCompile>
    <ClCompile Include="..\public\code\db\dateOperateion.cpp">
      <Filter>public\db</Filter>
    </ClCompile>
    <ClCompile Include="..\public\code\db\DbFunc.cpp">
      <Filter>public\db</Filter>
    </ClCompile>
    <ClCompile Include="..\public\code\db\DbObj.cpp">
      <Filter>public\db</Filter>
    </ClCompile>
    <ClCompile Include="..\public\code\db\VspdCToMySQL.cpp">
      <Filter>public\db</Filter>
    </ClCompile>
    <ClCompile Include="..\public\code\db\dataStruct\baseCurRateStruct.cpp">
      <Filter>public\db\dataStruct</Filter>
    </ClCompile>
    <ClCompile Include="..\public\code\db\dataStruct\curRateAverageStruct.cpp">
      <Filter>public\db\dataStruct</Filter>
    </ClCompile>
    <ClCompile Include="..\public\code\db\dataStruct\curRateStruct.cpp">
      <Filter>public\db\dataStruct</Filter>
    </ClCompile>
    <ClCompile Include="..\public\code\db\dataStruct\processStatusStruct.cpp">
      <Filter>public\db\dataStruct</Filter>
    </ClCompile>
    <ClCompile Include="..\public\code\db\dataStruct\processTaskInfoStruct.cpp">
      <Filter>public\db\dataStruct</Filter>
    </ClCompile>
    <ClCompile Include="..\public\code\db\dataStruct\testDbInfoStruct.cpp">
      <Filter>public\db\dataStruct</Filter>
    </ClCompile>
    <ClCompile Include="..\public\code\AutoMutex.cpp">
      <Filter>public\table</Filter>
    </ClCompile>
    <ClCompile Include="..\public\code\table\Field.cpp">
      <Filter>public\table</Filter>
    </ClCompile>
    <ClCompile Include="..\public\code\table\Row.cpp">
      <Filter>public\table</Filter>
    </ClCompile>
    <ClCompile Include="..\public\code\table\Table.cpp">
      <Filter>public\table</Filter>
    </ClCompile>
    <ClCompile Include="..\public\code\table\TableStruct.cpp">
      <Filter>public\table</Filter>
    </ClCompile>
    <ClCompile Include="..\public\code\table\Value.cpp">
      <Filter>public\table</Filter>
    </ClCompile>
    <ClCompile Include="..\public\code\rate\CurRate.cpp">
      <Filter>public\rate</Filter>
    </ClCompile>
    <ClCompile Include="..\public\code\rate\HisRate.cpp">
      <Filter>public\rate</Filter>
    </ClCompile>
    <ClCompile Include="..\public\code\tools\FunctionLog.cpp">
      <Filter>public\tools</Filter>
    </ClCompile>
  </ItemGroup>
</Project>