<?xml version="1.0" encoding="utf-8"?>
<Project ToolsVersion="4.0" xmlns="http://schemas.microsoft.com/developer/msbuild/2003">
  <ItemGroup>
    <Filter Include="源文件">
      <UniqueIdentifier>{4FC737F1-C7A5-4376-A066-2A32D752A2FF}</UniqueIdentifier>
      <Extensions>cpp;c;cc;cxx;def;odl;idl;hpj;bat;asm;asmx</Extensions>
    </Filter>
    <Filter Include="头文件">
      <UniqueIdentifier>{93995380-89BD-4b04-88EB-625FBE52EBFB}</UniqueIdentifier>
      <Extensions>h;hpp;hxx;hm;inl;inc;xsd</Extensions>
    </Filter>
    <Filter Include="资源文件">
      <UniqueIdentifier>{67DA6AB6-F800-4c08-8B7A-83BB121AAD01}</UniqueIdentifier>
      <Extensions>rc;ico;cur;bmp;dlg;rc2;rct;bin;rgs;gif;jpg;jpeg;jpe;resx;tiff;tif;png;wav;mfcribbon-ms</Extensions>
    </Filter>
    <Filter Include="public">
      <UniqueIdentifier>{4fc8e9e5-d035-41e4-ac6a-9a05049ee16a}</UniqueIdentifier>
    </Filter>
    <Filter Include="public\task">
      <UniqueIdentifier>{e270f840-4815-4562-ba33-9bfdc281c3ae}</UniqueIdentifier>
    </Filter>
    <Filter Include="public\tinyXml">
      <UniqueIdentifier>{ec33f37d-ff48-4bfe-b124-c6cce8644056}</UniqueIdentifier>
    </Filter>
    <Filter Include="public\process">
      <UniqueIdentifier>{c2b37810-2a8c-4636-b472-6c6a19734703}</UniqueIdentifier>
    </Filter>
    <Filter Include="public\process\cap">
      <UniqueIdentifier>{bed6670a-41a0-4147-a119-1f1945cf397e}</UniqueIdentifier>
    </Filter>
    <Filter Include="public\process\calculation">
      <UniqueIdentifier>{785b7b01-48ff-48b9-afe7-847a2373e6e1}</UniqueIdentifier>
    </Filter>
    <Filter Include="public\process\obj">
      <UniqueIdentifier>{0147db4a-00c2-4459-9ae6-5cdf028a152a}</UniqueIdentifier>
    </Filter>
    <Filter Include="public\data">
      <UniqueIdentifier>{1980ef7e-8f77-4885-95df-b7305eca469d}</UniqueIdentifier>
    </Filter>
    <Filter Include="public\db">
      <UniqueIdentifier>{d94afc1e-6489-49e6-89c4-4085d3007d76}</UniqueIdentifier>
    </Filter>
    <Filter Include="public\db\dataObj">
      <UniqueIdentifier>{a873a80d-ed33-40aa-9e92-2f1b8ed09e9d}</UniqueIdentifier>
    </Filter>
    <Filter Include="public\db\dataStruct">
      <UniqueIdentifier>{9211ee16-c2eb-468d-b047-38ce6d1495eb}</UniqueIdentifier>
    </Filter>
    <Filter Include="public\table">
      <UniqueIdentifier>{b0425e0e-74a5-437c-9e46-04eb95eb485d}</UniqueIdentifier>
    </Filter>
    <Filter Include="public\rate">
      <UniqueIdentifier>{3d22cd1f-21c9-4761-bdb7-919d36af67cd}</UniqueIdentifier>
    </Filter>
  </ItemGroup>
  <ItemGroup>
    <Text Include="ReadMe.txt" />
  </ItemGroup>
  <ItemGroup>
    <ClInclude Include="stdafx.h">
      <Filter>头文件</Filter>
    </ClInclude>
    <ClInclude Include="targetver.h">
      <Filter>头文件</Filter>
    </ClInclude>
    <ClInclude Include="..\public\code\ConstDef.h">
      <Filter>public</Filter>
    </ClInclude>
    <ClInclude Include="..\public\code\PubFun.h">
      <Filter>public</Filter>
    </ClInclude>
    <ClInclude Include="..\public\code\task\baseTask.h">
      <Filter>public\task</Filter>
    </ClInclude>
    <ClInclude Include="..\public\code\task\processTask.h">
      <Filter>public\task</Filter>
    </ClInclude>
    <ClInclude Include="..\public\code\task\taskBuilder.h">
      <Filter>public\task</Filter>
    </ClInclude>
    <ClInclude Include="..\public\code\task\taskRunner.h">
      <Filter>public\task</Filter>
    </ClInclude>
    <ClInclude Include="..\public\code\tinyXml\tinystr.h">
      <Filter>public\tinyXml</Filter>
    </ClInclude>
    <ClInclude Include="..\public\code\tinyXml\tinyxml.h">
      <Filter>public\tinyXml</Filter>
    </ClInclude>
    <ClInclude Include="..\public\code\process\averageProcess.h">
      <Filter>public\process</Filter>
    </ClInclude>
    <ClInclude Include="..\public\code\process\baseProcess.h">
      <Filter>public\process</Filter>
    </ClInclude>
    <ClInclude Include="..\public\code\process\processInfo.h">
      <Filter>public\process</Filter>
    </ClInclude>
    <ClInclude Include="..\public\code\process\processType.h">
      <Filter>public\process</Filter>
    </ClInclude>
    <ClInclude Include="..\public\code\process\cap\additionCap.h">
      <Filter>public\process\cap</Filter>
    </ClInclude>
    <ClInclude Include="..\public\code\process\cap\baseCap.h">
      <Filter>public\process\cap</Filter>
    </ClInclude>
    <ClInclude Include="..\public\code\process\cap\speadCap.h">
      <Filter>public\process\cap</Filter>
    </ClInclude>
    <ClInclude Include="..\public\code\process\cap\threshold.h">
      <Filter>public\process\cap</Filter>
    </ClInclude>
    <ClInclude Include="..\public\code\process\calculation\averageCalc.h">
      <Filter>public\process\calculation</Filter>
    </ClInclude>
    <ClInclude Include="..\public\code\process\calculation\baseCalc.h">
      <Filter>public\process\calculation</Filter>
    </ClInclude>
    <ClInclude Include="..\public\code\process\obj\proCorrecting.h">
      <Filter>public\process\obj</Filter>
    </ClInclude>
    <ClInclude Include="..\public\code\process\obj\sum.h">
      <Filter>public\process\obj</Filter>
    </ClInclude>
    <ClInclude Include="..\public\code\data\globalData.h">
      <Filter>public\data</Filter>
    </ClInclude>
    <ClInclude Include="..\public\code\db\dateOperateion.h">
      <Filter>public\db</Filter>
    </ClInclude>
    <ClInclude Include="..\public\code\db\DbObj.h">
      <Filter>public\db</Filter>
    </ClInclude>
    <ClInclude Include="..\public\code\db\VspdCToMySQL.h">
      <Filter>public\db</Filter>
    </ClInclude>
    <ClInclude Include="..\public\code\db\dataObj\baseObj.h">
      <Filter>public\db\dataObj</Filter>
    </ClInclude>
    <ClInclude Include="..\public\code\db\dataObj\curRateD.h">
      <Filter>public\db\dataObj</Filter>
    </ClInclude>
    <ClInclude Include="..\public\code\db\dataObj\hisRateD.h">
      <Filter>public\db\dataObj</Filter>
    </ClInclude>
    <ClInclude Include="..\public\code\db\dataObj\processStatus.h">
      <Filter>public\db\dataObj</Filter>
    </ClInclude>
    <ClInclude Include="..\public\code\db\dataObj\processTaskInfo.h">
      <Filter>public\db\dataObj</Filter>
    </ClInclude>
    <ClInclude Include="..\public\code\db\dataStruct\processStatusStruct.h">
      <Filter>public\db\dataStruct</Filter>
    </ClInclude>
    <ClInclude Include="..\public\code\db\dataStruct\processTaskInfoStruct.h">
      <Filter>public\db\dataStruct</Filter>
    </ClInclude>
    <ClInclude Include="..\public\code\table\Exception.h">
      <Filter>public\table</Filter>
    </ClInclude>
    <ClInclude Include="..\public\code\table\Field.h">
      <Filter>public\table</Filter>
    </ClInclude>
    <ClInclude Include="..\public\code\table\Row.h">
      <Filter>public\table</Filter>
    </ClInclude>
    <ClInclude Include="..\public\code\table\Table.h">
      <Filter>public\table</Filter>
    </ClInclude>
    <ClInclude Include="..\public\code\table\TableStruct.h">
      <Filter>public\table</Filter>
    </ClInclude>
    <ClInclude Include="..\public\code\rate\CurRate.h">
      <Filter>public\rate</Filter>
    </ClInclude>
    <ClInclude Include="..\public\code\rate\HisRate.h">
      <Filter>public\rate</Filter>
    </ClInclude>
  </ItemGroup>
  <ItemGroup>
    <ClCompile Include="stdafx.cpp">
      <Filter>源文件</Filter>
    </ClCompile>
    <ClCompile Include="Runtest.cpp">
      <Filter>源文件</Filter>
    </ClCompile>
    <ClCompile Include="..\public\code\PubFun.cpp">
      <Filter>public</Filter>
    </ClCompile>
    <ClCompile Include="..\public\code\task\baseTask.cpp">
      <Filter>public\task</Filter>
    </ClCompile>
    <ClCompile Include="..\public\code\task\processTask.cpp">
      <Filter>public\task</Filter>
    </ClCompile>
    <ClCompile Include="..\public\code\task\taskBuilder.cpp">
      <Filter>public\task</Filter>
    </ClCompile>
    <ClCompile Include="..\public\code\task\taskRunner.cpp">
      <Filter>public\task</Filter>
    </ClCompile>
    <ClCompile Include="..\public\code\tinyXml\echo.cpp">
      <Filter>public\tinyXml</Filter>
    </ClCompile>
    <ClCompile Include="..\public\code\tinyXml\tinystr.cpp">
      <Filter>public\tinyXml</Filter>
    </ClCompile>
    <ClCompile Include="..\public\code\tinyXml\tinyxml.cpp">
      <Filter>public\tinyXml</Filter>
    </ClCompile>
    <ClCompile Include="..\public\code\tinyXml\tinyxmlerror.cpp">
      <Filter>public\tinyXml</Filter>
    </ClCompile>
    <ClCompile Include="..\public\code\tinyXml\tinyxmlparser.cpp">
      <Filter>public\tinyXml</Filter>
    </ClCompile>
    <ClCompile Include="..\public\code\process\averageProcess.cpp">
      <Filter>public\process</Filter>
    </ClCompile>
    <ClCompile Include="..\public\code\process\baseProcess.cpp">
      <Filter>public\process</Filter>
    </ClCompile>
    <ClCompile Include="..\public\code\process\processInfo.cpp">
      <Filter>public\process</Filter>
    </ClCompile>
    <ClCompile Include="..\public\code\process\processType.cpp">
      <Filter>public\process</Filter>
    </ClCompile>
    <ClCompile Include="..\public\code\process\cap\additionCap.cpp">
      <Filter>public\process\cap</Filter>
    </ClCompile>
    <ClCompile Include="..\public\code\process\cap\baseCap.cpp">
      <Filter>public\process\cap</Filter>
    </ClCompile>
    <ClCompile Include="..\public\code\process\cap\speadCap.cpp">
      <Filter>public\process\cap</Filter>
    </ClCompile>
    <ClCompile Include="..\public\code\process\cap\threshold.cpp">
      <Filter>public\process\cap</Filter>
    </ClCompile>
    <ClCompile Include="..\public\code\process\calculation\averageCalc.cpp">
      <Filter>public\process\calculation</Filter>
    </ClCompile>
    <ClCompile Include="..\public\code\process\calculation\baseCalc.cpp">
      <Filter>public\process\calculation</Filter>
    </ClCompile>
    <ClCompile Include="..\public\code\process\obj\proCorrecting.cpp">
      <Filter>public\process\obj</Filter>
    </ClCompile>
    <ClCompile Include="..\public\code\process\obj\sum.cpp">
      <Filter>public\process\obj</Filter>
    </ClCompile>
    <ClCompile Include="..\public\code\data\globalData.cpp">
      <Filter>public\data</Filter>
    </ClCompile>
    <ClCompile Include="..\public\code\db\dateOperateion.cpp">
      <Filter>public\db</Filter>
    </ClCompile>
    <ClCompile Include="..\public\code\db\DbObj.cpp">
      <Filter>public\db</Filter>
    </ClCompile>
    <ClCompile Include="..\public\code\db\VspdCToMySQL.cpp">
      <Filter>public\db</Filter>
    </ClCompile>
    <ClCompile Include="..\public\code\db\dataObj\baseObj.cpp">
      <Filter>public\db\dataObj</Filter>
    </ClCompile>
    <ClCompile Include="..\public\code\db\dataObj\curRateD.cpp">
      <Filter>public\db\dataObj</Filter>
    </ClCompile>
    <ClCompile Include="..\public\code\db\dataObj\hisRateD.cpp">
      <Filter>public\db\dataObj</Filter>
    </ClCompile>
    <ClCompile Include="..\public\code\db\dataObj\processStatus.cpp">
      <Filter>public\db\dataObj</Filter>
    </ClCompile>
    <ClCompile Include="..\public\code\db\dataObj\processTaskInfo.cpp">
      <Filter>public\db\dataObj</Filter>
    </ClCompile>
    <ClCompile Include="..\public\code\db\dataStruct\processStatusStruct.cpp">
      <Filter>public\db\dataStruct</Filter>
    </ClCompile>
    <ClCompile Include="..\public\code\db\dataStruct\processTaskInfoStruct.cpp">
      <Filter>public\db\dataStruct</Filter>
    </ClCompile>
    <ClCompile Include="..\public\code\table\Exception.cpp">
      <Filter>public\table</Filter>
    </ClCompile>
    <ClCompile Include="..\public\code\table\Field.cpp">
      <Filter>public\table</Filter>
    </ClCompile>
    <ClCompile Include="..\public\code\table\Row.cpp">
      <Filter>public\table</Filter>
    </ClCompile>
    <ClCompile Include="..\public\code\table\Table.cpp">
      <Filter>public\table</Filter>
    </ClCompile>
    <ClCompile Include="..\public\code\table\TableStruct.cpp">
      <Filter>public\table</Filter>
    </ClCompile>
    <ClCompile Include="..\public\code\rate\CurRate.cpp">
      <Filter>public\rate</Filter>
    </ClCompile>
    <ClCompile Include="..\public\code\rate\HisRate.cpp">
      <Filter>public\rate</Filter>
    </ClCompile>
  </ItemGroup>
</Project>