<?xml version="1.0" encoding="utf-8"?>
<Project ToolsVersion="4.0" xmlns="http://schemas.microsoft.com/developer/msbuild/2003">
  <ItemGroup>
    <Filter Include="源文件">
      <UniqueIdentifier>{4FC737F1-C7A5-4376-A066-2A32D752A2FF}</UniqueIdentifier>
      <Extensions>cpp;c;cc;cxx;def;odl;idl;hpj;bat;asm;asmx</Extensions>
    </Filter>
    <Filter Include="头文件">
      <UniqueIdentifier>{93995380-89BD-4b04-88EB-625FBE52EBFB}</UniqueIdentifier>
      <Extensions>h;hpp;hxx;hm;inl;inc;xsd</Extensions>
    </Filter>
    <Filter Include="资源文件">
      <UniqueIdentifier>{67DA6AB6-F800-4c08-8B7A-83BB121AAD01}</UniqueIdentifier>
      <Extensions>rc;ico;cur;bmp;dlg;rc2;rct;bin;rgs;gif;jpg;jpeg;jpe;resx;tiff;tif;png;wav;mfcribbon-ms</Extensions>
    </Filter>
    <Filter Include="public">
      <UniqueIdentifier>{a911fd22-6f51-4f0e-9fb5-c709ab28c69d}</UniqueIdentifier>
    </Filter>
    <Filter Include="public\task">
      <UniqueIdentifier>{0e10c606-0ece-42f4-b013-98e057755000}</UniqueIdentifier>
    </Filter>
    <Filter Include="public\tinyXml">
      <UniqueIdentifier>{c8071166-355e-4210-8185-405cf9fc6c07}</UniqueIdentifier>
    </Filter>
    <Filter Include="public\process">
      <UniqueIdentifier>{5dfa5df2-b919-47a7-bfdd-72e649a38f29}</UniqueIdentifier>
    </Filter>
    <Filter Include="public\process\cap">
      <UniqueIdentifier>{a75759b6-f2b1-437c-b3ac-045765d8de5a}</UniqueIdentifier>
    </Filter>
    <Filter Include="public\data">
      <UniqueIdentifier>{9e70a0b2-2cb6-43f9-b1e2-30619f0ce775}</UniqueIdentifier>
    </Filter>
    <Filter Include="public\db">
      <UniqueIdentifier>{753e3b32-286e-41c8-95c5-f0e2b5dc9115}</UniqueIdentifier>
    </Filter>
    <Filter Include="public\db\dataObj">
      <UniqueIdentifier>{7b6a3dee-1342-4e40-8523-d5001d60493e}</UniqueIdentifier>
    </Filter>
    <Filter Include="public\table">
      <UniqueIdentifier>{adf39294-a556-429a-9cd8-8d3adaddc917}</UniqueIdentifier>
    </Filter>
    <Filter Include="public\rate">
      <UniqueIdentifier>{cd42f8fc-f45c-42c2-bb6f-2be5bc9bfa6f}</UniqueIdentifier>
    </Filter>
  </ItemGroup>
  <ItemGroup>
    <Text Include="ReadMe.txt" />
  </ItemGroup>
  <ItemGroup>
    <ClInclude Include="targetver.h">
      <Filter>头文件</Filter>
    </ClInclude>
    <ClInclude Include="dllInclude.h">
      <Filter>头文件</Filter>
    </ClInclude>
    <ClInclude Include="..\public\code\PubFun.h">
      <Filter>public</Filter>
    </ClInclude>
    <ClInclude Include="..\public\code\ConstDef.h">
      <Filter>public</Filter>
    </ClInclude>
    <ClInclude Include="..\public\code\task\baseTask.h">
      <Filter>public\task</Filter>
    </ClInclude>
    <ClInclude Include="..\public\code\task\taskRunner.h">
      <Filter>public\task</Filter>
    </ClInclude>
    <ClInclude Include="..\public\code\task\taskBuilder.h">
      <Filter>public\task</Filter>
    </ClInclude>
    <ClInclude Include="..\public\code\task\processTask.h">
      <Filter>public\task</Filter>
    </ClInclude>
    <ClInclude Include="..\public\code\tinyXml\tinystr.h">
      <Filter>public\tinyXml</Filter>
    </ClInclude>
    <ClInclude Include="..\public\code\tinyXml\tinyxml.h">
      <Filter>public\tinyXml</Filter>
    </ClInclude>
    <ClInclude Include="..\public\code\process\baseProcess.h">
      <Filter>public\process</Filter>
    </ClInclude>
    <ClInclude Include="..\public\code\process\processConfig.h">
      <Filter>public\process</Filter>
    </ClInclude>
    <ClInclude Include="..\public\code\process\cap\threshold.h">
      <Filter>public\process\cap</Filter>
    </ClInclude>
    <ClInclude Include="..\public\code\process\cap\additionCap.h">
      <Filter>public\process\cap</Filter>
    </ClInclude>
    <ClInclude Include="..\public\code\process\cap\baseCap.h">
      <Filter>public\process\cap</Filter>
    </ClInclude>
    <ClInclude Include="..\public\code\process\cap\speadCap.h">
      <Filter>public\process\cap</Filter>
    </ClInclude>
    <ClInclude Include="..\public\code\data\globalData.h">
      <Filter>public\data</Filter>
    </ClInclude>
    <ClInclude Include="..\public\code\db\VspdCToMySQL.h">
      <Filter>public\db</Filter>
    </ClInclude>
    <ClInclude Include="..\public\code\db\DbObj.h">
      <Filter>public\db</Filter>
    </ClInclude>
    <ClInclude Include="..\public\code\db\dateOperateion.h">
      <Filter>public\db</Filter>
    </ClInclude>
    <ClInclude Include="..\public\code\db\dataObj\processStatus.h">
      <Filter>public\db\dataObj</Filter>
    </ClInclude>
    <ClInclude Include="..\public\code\db\dataObj\processTaskConfig.h">
      <Filter>public\db\dataObj</Filter>
    </ClInclude>
    <ClInclude Include="..\public\code\db\dataObj\baseObj.h">
      <Filter>public\db\dataObj</Filter>
    </ClInclude>
    <ClInclude Include="..\public\code\db\dataObj\curRateD.h">
      <Filter>public\db\dataObj</Filter>
    </ClInclude>
    <ClInclude Include="..\public\code\db\dataObj\hisRateD.h">
      <Filter>public\db\dataObj</Filter>
    </ClInclude>
    <ClInclude Include="..\public\code\table\Table.h">
      <Filter>public\table</Filter>
    </ClInclude>
    <ClInclude Include="..\public\code\table\Exception.h">
      <Filter>public\table</Filter>
    </ClInclude>
    <ClInclude Include="..\public\code\table\Row.h">
      <Filter>public\table</Filter>
    </ClInclude>
    <ClInclude Include="..\public\code\table\TableStruct.h">
      <Filter>public\table</Filter>
    </ClInclude>
    <ClInclude Include="..\public\code\table\Field.h">
      <Filter>public\table</Filter>
    </ClInclude>
    <ClInclude Include="..\public\code\rate\HisRate.h">
      <Filter>public\rate</Filter>
    </ClInclude>
    <ClInclude Include="..\public\code\rate\CurRate.h">
      <Filter>public\rate</Filter>
    </ClInclude>
  </ItemGroup>
  <ItemGroup>
    <ClCompile Include="Mt4MsgTest.cpp">
      <Filter>源文件</Filter>
    </ClCompile>
    <ClCompile Include="..\public\code\PubFun.cpp">
      <Filter>public</Filter>
    </ClCompile>
    <ClCompile Include="..\public\code\task\baseTask.cpp">
      <Filter>public\task</Filter>
    </ClCompile>
    <ClCompile Include="..\public\code\task\taskRunner.cpp">
      <Filter>public\task</Filter>
    </ClCompile>
    <ClCompile Include="..\public\code\task\taskBuilder.cpp">
      <Filter>public\task</Filter>
    </ClCompile>
    <ClCompile Include="..\public\code\task\processTask.cpp">
      <Filter>public\task</Filter>
    </ClCompile>
    <ClCompile Include="..\public\code\tinyXml\tinyxmlerror.cpp">
      <Filter>public\tinyXml</Filter>
    </ClCompile>
    <ClCompile Include="..\public\code\tinyXml\tinyxmlparser.cpp">
      <Filter>public\tinyXml</Filter>
    </ClCompile>
    <ClCompile Include="..\public\code\tinyXml\echo.cpp">
      <Filter>public\tinyXml</Filter>
    </ClCompile>
    <ClCompile Include="..\public\code\tinyXml\tinystr.cpp">
      <Filter>public\tinyXml</Filter>
    </ClCompile>
    <ClCompile Include="..\public\code\tinyXml\tinyxml.cpp">
      <Filter>public\tinyXml</Filter>
    </ClCompile>
    <ClCompile Include="..\public\code\process\baseProcess.cpp">
      <Filter>public\process</Filter>
    </ClCompile>
    <ClCompile Include="..\public\code\process\processConfig.cpp">
      <Filter>public\process</Filter>
    </ClCompile>
    <ClCompile Include="..\public\code\process\cap\baseCap.cpp">
      <Filter>public\process\cap</Filter>
    </ClCompile>
    <ClCompile Include="..\public\code\process\cap\speadCap.cpp">
      <Filter>public\process\cap</Filter>
    </ClCompile>
    <ClCompile Include="..\public\code\process\cap\additionCap.cpp">
      <Filter>public\process\cap</Filter>
    </ClCompile>
    <ClCompile Include="..\public\code\process\cap\threshold.cpp">
      <Filter>public\process\cap</Filter>
    </ClCompile>
    <ClCompile Include="..\public\code\data\globalData.cpp">
      <Filter>public\data</Filter>
    </ClCompile>
    <ClCompile Include="..\public\code\db\dateOperateion.cpp">
      <Filter>public\db</Filter>
    </ClCompile>
    <ClCompile Include="..\public\code\db\DbObj.cpp">
      <Filter>public\db</Filter>
    </ClCompile>
    <ClCompile Include="..\public\code\db\VspdCToMySQL.cpp">
      <Filter>public\db</Filter>
    </ClCompile>
    <ClCompile Include="..\public\code\db\dataObj\processTaskConfig.cpp">
      <Filter>public\db\dataObj</Filter>
    </ClCompile>
    <ClCompile Include="..\public\code\db\dataObj\baseObj.cpp">
      <Filter>public\db\dataObj</Filter>
    </ClCompile>
    <ClCompile Include="..\public\code\db\dataObj\curRateD.cpp">
      <Filter>public\db\dataObj</Filter>
    </ClCompile>
    <ClCompile Include="..\public\code\db\dataObj\hisRateD.cpp">
      <Filter>public\db\dataObj</Filter>
    </ClCompile>
    <ClCompile Include="..\public\code\db\dataObj\processStatus.cpp">
      <Filter>public\db\dataObj</Filter>
    </ClCompile>
    <ClCompile Include="..\public\code\table\Exception.cpp">
      <Filter>public\table</Filter>
    </ClCompile>
    <ClCompile Include="..\public\code\table\Row.cpp">
      <Filter>public\table</Filter>
    </ClCompile>
    <ClCompile Include="..\public\code\table\TableStruct.cpp">
      <Filter>public\table</Filter>
    </ClCompile>
    <ClCompile Include="..\public\code\table\Field.cpp">
      <Filter>public\table</Filter>
    </ClCompile>
    <ClCompile Include="..\public\code\table\Table.cpp">
      <Filter>public\table</Filter>
    </ClCompile>
    <ClCompile Include="..\public\code\rate\CurRate.cpp">
      <Filter>public\rate</Filter>
    </ClCompile>
    <ClCompile Include="..\public\code\rate\HisRate.cpp">
      <Filter>public\rate</Filter>
    </ClCompile>
  </ItemGroup>
</Project>