<?xml version="1.0" encoding="utf-8"?>
<Project ToolsVersion="4.0" xmlns="http://schemas.microsoft.com/developer/msbuild/2003">
  <ItemGroup>
    <Filter Include="源文件">
      <UniqueIdentifier>{4FC737F1-C7A5-4376-A066-2A32D752A2FF}</UniqueIdentifier>
      <Extensions>cpp;c;cc;cxx;def;odl;idl;hpj;bat;asm;asmx</Extensions>
    </Filter>
    <Filter Include="头文件">
      <UniqueIdentifier>{93995380-89BD-4b04-88EB-625FBE52EBFB}</UniqueIdentifier>
      <Extensions>h;hpp;hxx;hm;inl;inc;xsd</Extensions>
    </Filter>
    <Filter Include="资源文件">
      <UniqueIdentifier>{67DA6AB6-F800-4c08-8B7A-83BB121AAD01}</UniqueIdentifier>
      <Extensions>rc;ico;cur;bmp;dlg;rc2;rct;bin;rgs;gif;jpg;jpeg;jpe;resx;tiff;tif;png;wav;mfcribbon-ms</Extensions>
    </Filter>
    <Filter Include="public">
      <UniqueIdentifier>{416994c2-455f-44bb-8b28-e0fbba0733c0}</UniqueIdentifier>
    </Filter>
    <Filter Include="public\task">
      <UniqueIdentifier>{324dd33c-4093-493f-8f08-59d3c89e8861}</UniqueIdentifier>
    </Filter>
    <Filter Include="public\tinyXml">
      <UniqueIdentifier>{3010a818-c4fa-4808-badc-361626f3bb45}</UniqueIdentifier>
    </Filter>
    <Filter Include="public\process">
      <UniqueIdentifier>{5f111889-7fa6-4ad6-aa54-1fdc9303118f}</UniqueIdentifier>
    </Filter>
    <Filter Include="public\process\cap">
      <UniqueIdentifier>{81d114a8-db5d-4376-bcf2-cd5f886e08df}</UniqueIdentifier>
    </Filter>
    <Filter Include="public\process\calculation">
      <UniqueIdentifier>{a11700fb-307d-4c27-b63f-3c42df578684}</UniqueIdentifier>
    </Filter>
    <Filter Include="public\process\obj">
      <UniqueIdentifier>{31445ded-300d-48f2-a30b-ddf2e3571481}</UniqueIdentifier>
    </Filter>
    <Filter Include="public\process\obj\continue">
      <UniqueIdentifier>{51fe2743-bc9c-446c-b64e-b9b304746d66}</UniqueIdentifier>
    </Filter>
    <Filter Include="public\process\obj\function">
      <UniqueIdentifier>{2d821fda-c264-4103-bcdb-4369b4d3698a}</UniqueIdentifier>
    </Filter>
    <Filter Include="public\process\obj\average">
      <UniqueIdentifier>{75ba2851-2472-4991-ab22-4c00175ab863}</UniqueIdentifier>
    </Filter>
    <Filter Include="public\process\decision">
      <UniqueIdentifier>{13f8c4b2-e70c-49a4-9e4b-7336eaf539b0}</UniqueIdentifier>
    </Filter>
    <Filter Include="public\data">
      <UniqueIdentifier>{de6e0034-f1da-4034-89d2-80ed2f0b6954}</UniqueIdentifier>
    </Filter>
    <Filter Include="public\db">
      <UniqueIdentifier>{79441551-0a09-46b3-b490-0963a2394cf5}</UniqueIdentifier>
    </Filter>
    <Filter Include="public\db\dataStruct">
      <UniqueIdentifier>{20779b70-3b68-4c56-b93b-6731e0b6b52e}</UniqueIdentifier>
    </Filter>
    <Filter Include="public\table">
      <UniqueIdentifier>{29e176ba-28f4-47b0-b8c3-63f0065eb2a0}</UniqueIdentifier>
    </Filter>
    <Filter Include="public\rate">
      <UniqueIdentifier>{f701f79f-3edd-43c2-afa1-88e6594609f6}</UniqueIdentifier>
    </Filter>
    <Filter Include="public\tools">
      <UniqueIdentifier>{405652a8-0357-44ad-8074-406ec50dc997}</UniqueIdentifier>
    </Filter>
    <Filter Include="public\account">
      <UniqueIdentifier>{cd339900-3035-4c8b-b999-d59c79f3f0d7}</UniqueIdentifier>
    </Filter>
    <Filter Include="public\thread">
      <UniqueIdentifier>{666eb40b-6c3f-46e3-a194-bc5331806492}</UniqueIdentifier>
    </Filter>
  </ItemGroup>
  <ItemGroup>
    <Text Include="ReadMe.txt" />
  </ItemGroup>
  <ItemGroup>
    <ClInclude Include="targetver.h">
      <Filter>头文件</Filter>
    </ClInclude>
    <ClInclude Include="HisRateLoader.h">
      <Filter>头文件</Filter>
    </ClInclude>
    <ClInclude Include="resource.h">
      <Filter>头文件</Filter>
    </ClInclude>
    <ClInclude Include="..\public\code\AutoMutex.h">
      <Filter>public</Filter>
    </ClInclude>
    <ClInclude Include="..\public\code\ConstDef.h">
      <Filter>public</Filter>
    </ClInclude>
    <ClInclude Include="..\public\code\Exception.h">
      <Filter>public</Filter>
    </ClInclude>
    <ClInclude Include="..\public\code\LinkedHashMap.h">
      <Filter>public</Filter>
    </ClInclude>
    <ClInclude Include="..\public\code\LogObj.h">
      <Filter>public</Filter>
    </ClInclude>
    <ClInclude Include="..\public\code\PubFun.h">
      <Filter>public</Filter>
    </ClInclude>
    <ClInclude Include="..\public\code\task\dbTestTask.h">
      <Filter>public\task</Filter>
    </ClInclude>
    <ClInclude Include="..\public\code\task\taskBuilder.h">
      <Filter>public\task</Filter>
    </ClInclude>
    <ClInclude Include="..\public\code\task\taskRunner.h">
      <Filter>public\task</Filter>
    </ClInclude>
    <ClInclude Include="..\public\code\tinyXml\tinystr.h">
      <Filter>public\tinyXml</Filter>
    </ClInclude>
    <ClInclude Include="..\public\code\tinyXml\tinyxml.h">
      <Filter>public\tinyXml</Filter>
    </ClInclude>
    <ClInclude Include="..\public\code\process\baseProcess.h">
      <Filter>public\process</Filter>
    </ClInclude>
    <ClInclude Include="..\public\code\process\calcProData.h">
      <Filter>public\process</Filter>
    </ClInclude>
    <ClInclude Include="..\public\code\process\calcProcess.h">
      <Filter>public\process</Filter>
    </ClInclude>
    <ClInclude Include="..\public\code\process\processType.h">
      <Filter>public\process</Filter>
    </ClInclude>
    <ClInclude Include="..\public\code\process\cap\additionCap.h">
      <Filter>public\process\cap</Filter>
    </ClInclude>
    <ClInclude Include="..\public\code\process\cap\baseCap.h">
      <Filter>public\process\cap</Filter>
    </ClInclude>
    <ClInclude Include="..\public\code\process\cap\speadCap.h">
      <Filter>public\process\cap</Filter>
    </ClInclude>
    <ClInclude Include="..\public\code\process\cap\threshold.h">
      <Filter>public\process\cap</Filter>
    </ClInclude>
    <ClInclude Include="..\public\code\process\calculation\baseCalc.h">
      <Filter>public\process\calculation</Filter>
    </ClInclude>
    <ClInclude Include="..\public\code\process\obj\baseAnalysis.h">
      <Filter>public\process\obj</Filter>
    </ClInclude>
    <ClInclude Include="..\public\code\process\obj\proCorrecting.h">
      <Filter>public\process\obj</Filter>
    </ClInclude>
    <ClInclude Include="..\public\code\process\obj\rateValue.h">
      <Filter>public\process\obj</Filter>
    </ClInclude>
    <ClInclude Include="..\public\code\process\obj\sum.h">
      <Filter>public\process\obj</Filter>
    </ClInclude>
    <ClInclude Include="..\public\code\process\obj\sumByTime.h">
      <Filter>public\process\obj</Filter>
    </ClInclude>
    <ClInclude Include="..\public\code\process\obj\continue\continueAnalysis.h">
      <Filter>public\process\obj\continue</Filter>
    </ClInclude>
    <ClInclude Include="..\public\code\process\obj\continue\continueFinder.h">
      <Filter>public\process\obj\continue</Filter>
    </ClInclude>
    <ClInclude Include="..\public\code\process\obj\continue\continueJudgeGroup.h">
      <Filter>public\process\obj\continue</Filter>
    </ClInclude>
    <ClInclude Include="..\public\code\process\obj\continue\continueJudgeObj.h">
      <Filter>public\process\obj\continue</Filter>
    </ClInclude>
    <ClInclude Include="..\public\code\process\obj\continue\continueKeeper.h">
      <Filter>public\process\obj\continue</Filter>
    </ClInclude>
    <ClInclude Include="..\public\code\process\obj\continue\continueObj.h">
      <Filter>public\process\obj\continue</Filter>
    </ClInclude>
    <ClInclude Include="..\public\code\process\obj\continue\continueValue.h">
      <Filter>public\process\obj\continue</Filter>
    </ClInclude>
    <ClInclude Include="..\public\code\process\obj\function\baseFun.h">
      <Filter>public\process\obj\function</Filter>
    </ClInclude>
    <ClInclude Include="..\public\code\process\obj\function\fun1.h">
      <Filter>public\process\obj\function</Filter>
    </ClInclude>
    <ClInclude Include="..\public\code\process\obj\average\averageAnalysis.h">
      <Filter>public\process\obj\average</Filter>
    </ClInclude>
    <ClInclude Include="..\public\code\process\obj\average\averageObj.h">
      <Filter>public\process\obj\average</Filter>
    </ClInclude>
    <ClInclude Include="..\public\code\process\decision\averageDecision.h">
      <Filter>public\process\decision</Filter>
    </ClInclude>
    <ClInclude Include="..\public\code\process\decision\continueDecision.h">
      <Filter>public\process\decision</Filter>
    </ClInclude>
    <ClInclude Include="..\public\code\data\globalData.h">
      <Filter>public\data</Filter>
    </ClInclude>
    <ClInclude Include="..\public\code\db\dateOperateion.h">
      <Filter>public\db</Filter>
    </ClInclude>
    <ClInclude Include="..\public\code\db\DbFunc.h">
      <Filter>public\db</Filter>
    </ClInclude>
    <ClInclude Include="..\public\code\db\DbObj.h">
      <Filter>public\db</Filter>
    </ClInclude>
    <ClInclude Include="..\public\code\db\VspdCToMySQL.h">
      <Filter>public\db</Filter>
    </ClInclude>
    <ClInclude Include="..\public\code\db\dataStruct\baseCurRateStruct.h">
      <Filter>public\db\dataStruct</Filter>
    </ClInclude>
    <ClInclude Include="..\public\code\db\dataStruct\continueValueStruct.h">
      <Filter>public\db\dataStruct</Filter>
    </ClInclude>
    <ClInclude Include="..\public\code\db\dataStruct\calcRateStruct.h">
      <Filter>public\db\dataStruct</Filter>
    </ClInclude>
    <ClInclude Include="..\public\code\db\dataStruct\curRateStruct.h">
      <Filter>public\db\dataStruct</Filter>
    </ClInclude>
    <ClInclude Include="..\public\code\db\dataStruct\monitorValueStruct.h">
      <Filter>public\db\dataStruct</Filter>
    </ClInclude>
    <ClInclude Include="..\public\code\db\dataStruct\optValueStruct.h">
      <Filter>public\db\dataStruct</Filter>
    </ClInclude>
    <ClInclude Include="..\public\code\db\dataStruct\threadStatusStruct.h">
      <Filter>public\db\dataStruct</Filter>
    </ClInclude>
    <ClInclude Include="..\public\code\db\dataStruct\processTaskInfoStruct.h">
      <Filter>public\db\dataStruct</Filter>
    </ClInclude>
    <ClInclude Include="..\public\code\db\dataStruct\testDbInfoStruct.h">
      <Filter>public\db\dataStruct</Filter>
    </ClInclude>
    <ClInclude Include="..\public\code\table\Field.h">
      <Filter>public\table</Filter>
    </ClInclude>
    <ClInclude Include="..\public\code\table\Row.h">
      <Filter>public\table</Filter>
    </ClInclude>
    <ClInclude Include="..\public\code\table\Table.h">
      <Filter>public\table</Filter>
    </ClInclude>
    <ClInclude Include="..\public\code\table\TableStruct.h">
      <Filter>public\table</Filter>
    </ClInclude>
    <ClInclude Include="..\public\code\table\Value.h">
      <Filter>public\table</Filter>
    </ClInclude>
    <ClInclude Include="..\public\code\rate\CurRate.h">
      <Filter>public\rate</Filter>
    </ClInclude>
    <ClInclude Include="..\public\code\rate\HisRate.h">
      <Filter>public\rate</Filter>
    </ClInclude>
    <ClInclude Include="..\public\code\rate\rateInfo.h">
      <Filter>public\rate</Filter>
    </ClInclude>
    <ClInclude Include="..\public\code\tools\FunctionLog.h">
      <Filter>public\tools</Filter>
    </ClInclude>
    <ClInclude Include="..\public\code\tools\twiceLog.h">
      <Filter>public\tools</Filter>
    </ClInclude>
    <ClInclude Include="..\public\code\account\flxOpt.h">
      <Filter>public\account</Filter>
    </ClInclude>
    <ClInclude Include="..\public\code\account\monitor.h">
      <Filter>public\account</Filter>
    </ClInclude>
    <ClInclude Include="..\public\code\account\optAccount.h">
      <Filter>public\account</Filter>
    </ClInclude>
    <ClInclude Include="..\public\code\thread\baseThread.h">
      <Filter>public\thread</Filter>
    </ClInclude>
    <ClInclude Include="..\public\code\thread\calcThread.h">
      <Filter>public\thread</Filter>
    </ClInclude>
  </ItemGroup>
  <ItemGroup>
    <ClCompile Include="LoadDataFromFile.cpp">
      <Filter>源文件</Filter>
    </ClCompile>
    <ClCompile Include="HisRateLoader.cpp">
      <Filter>源文件</Filter>
    </ClCompile>
    <ClCompile Include="..\public\code\AutoMutex.cpp">
      <Filter>public</Filter>
    </ClCompile>
    <ClCompile Include="..\public\code\Exception.cpp">
      <Filter>public</Filter>
    </ClCompile>
    <ClCompile Include="..\public\code\LogObj.cpp">
      <Filter>public</Filter>
    </ClCompile>
    <ClCompile Include="..\public\code\PubFun.cpp">
      <Filter>public</Filter>
    </ClCompile>
    <ClCompile Include="..\public\code\task\dbTestTask.cpp">
      <Filter>public\task</Filter>
    </ClCompile>
    <ClCompile Include="..\public\code\task\taskBuilder.cpp">
      <Filter>public\task</Filter>
    </ClCompile>
    <ClCompile Include="..\public\code\task\taskRunner.cpp">
      <Filter>public\task</Filter>
    </ClCompile>
    <ClCompile Include="..\public\code\tinyXml\echo.cpp">
      <Filter>public\tinyXml</Filter>
    </ClCompile>
    <ClCompile Include="..\public\code\tinyXml\tinystr.cpp">
      <Filter>public\tinyXml</Filter>
    </ClCompile>
    <ClCompile Include="..\public\code\tinyXml\tinyxml.cpp">
      <Filter>public\tinyXml</Filter>
    </ClCompile>
    <ClCompile Include="..\public\code\tinyXml\tinyxmlerror.cpp">
      <Filter>public\tinyXml</Filter>
    </ClCompile>
    <ClCompile Include="..\public\code\tinyXml\tinyxmlparser.cpp">
      <Filter>public\tinyXml</Filter>
    </ClCompile>
    <ClCompile Include="..\public\code\process\baseProcess.cpp">
      <Filter>public\process</Filter>
    </ClCompile>
    <ClCompile Include="..\public\code\process\calcProData.cpp">
      <Filter>public\process</Filter>
    </ClCompile>
    <ClCompile Include="..\public\code\process\calcProcess.cpp">
      <Filter>public\process</Filter>
    </ClCompile>
    <ClCompile Include="..\public\code\process\processType.cpp">
      <Filter>public\process</Filter>
    </ClCompile>
    <ClCompile Include="..\public\code\process\cap\additionCap.cpp">
      <Filter>public\process\cap</Filter>
    </ClCompile>
    <ClCompile Include="..\public\code\process\cap\baseCap.cpp">
      <Filter>public\process\cap</Filter>
    </ClCompile>
    <ClCompile Include="..\public\code\process\cap\speadCap.cpp">
      <Filter>public\process\cap</Filter>
    </ClCompile>
    <ClCompile Include="..\public\code\process\cap\threshold.cpp">
      <Filter>public\process\cap</Filter>
    </ClCompile>
    <ClCompile Include="..\public\code\process\calculation\baseCalc.cpp">
      <Filter>public\process\calculation</Filter>
    </ClCompile>
    <ClCompile Include="..\public\code\process\obj\baseAnalysis.cpp">
      <Filter>public\process\obj</Filter>
    </ClCompile>
    <ClCompile Include="..\public\code\process\obj\proCorrecting.cpp">
      <Filter>public\process\obj</Filter>
    </ClCompile>
    <ClCompile Include="..\public\code\process\obj\rateValue.cpp">
      <Filter>public\process\obj</Filter>
    </ClCompile>
    <ClCompile Include="..\public\code\process\obj\sum.cpp">
      <Filter>public\process\obj</Filter>
    </ClCompile>
    <ClCompile Include="..\public\code\process\obj\sumByTime.cpp">
      <Filter>public\process\obj</Filter>
    </ClCompile>
    <ClCompile Include="..\public\code\process\obj\continue\continueAnalysis.cpp">
      <Filter>public\process\obj\continue</Filter>
    </ClCompile>
    <ClCompile Include="..\public\code\process\obj\continue\continueFinder.cpp">
      <Filter>public\process\obj\continue</Filter>
    </ClCompile>
    <ClCompile Include="..\public\code\process\obj\continue\continueJudgeGroup.cpp">
      <Filter>public\process\obj\continue</Filter>
    </ClCompile>
    <ClCompile Include="..\public\code\process\obj\continue\continueJudgeObj.cpp">
      <Filter>public\process\obj\continue</Filter>
    </ClCompile>
    <ClCompile Include="..\public\code\process\obj\continue\continueKeeper.cpp">
      <Filter>public\process\obj\continue</Filter>
    </ClCompile>
    <ClCompile Include="..\public\code\process\obj\continue\continueObj.cpp">
      <Filter>public\process\obj\continue</Filter>
    </ClCompile>
    <ClCompile Include="..\public\code\process\obj\continue\continueValue.cpp">
      <Filter>public\process\obj\continue</Filter>
    </ClCompile>
    <ClCompile Include="..\public\code\process\obj\function\baseFun.cpp">
      <Filter>public\process\obj\function</Filter>
    </ClCompile>
    <ClCompile Include="..\public\code\process\obj\function\fun1.cpp">
      <Filter>public\process\obj\function</Filter>
    </ClCompile>
    <ClCompile Include="..\public\code\process\obj\average\averageAnalysis.cpp">
      <Filter>public\process\obj\average</Filter>
    </ClCompile>
    <ClCompile Include="..\public\code\process\obj\average\averageObj.cpp">
      <Filter>public\process\obj\average</Filter>
    </ClCompile>
    <ClCompile Include="..\public\code\process\decision\averageDecision.cpp">
      <Filter>public\process\decision</Filter>
    </ClCompile>
    <ClCompile Include="..\public\code\process\decision\continueDecision.cpp">
      <Filter>public\process\decision</Filter>
    </ClCompile>
    <ClCompile Include="..\public\code\data\globalData.cpp">
      <Filter>public\data</Filter>
    </ClCompile>
    <ClCompile Include="..\public\code\db\dateOperateion.cpp">
      <Filter>public\db</Filter>
    </ClCompile>
    <ClCompile Include="..\public\code\db\DbFunc.cpp">
      <Filter>public\db</Filter>
    </ClCompile>
    <ClCompile Include="..\public\code\db\DbObj.cpp">
      <Filter>public\db</Filter>
    </ClCompile>
    <ClCompile Include="..\public\code\db\VspdCToMySQL.cpp">
      <Filter>public\db</Filter>
    </ClCompile>
    <ClCompile Include="..\public\code\db\dataStruct\baseCurRateStruct.cpp">
      <Filter>public\db\dataStruct</Filter>
    </ClCompile>
    <ClCompile Include="..\public\code\db\dataStruct\continueValueStruct.cpp">
      <Filter>public\db\dataStruct</Filter>
    </ClCompile>
    <ClCompile Include="..\public\code\db\dataStruct\calcRateStruct.cpp">
      <Filter>public\db\dataStruct</Filter>
    </ClCompile>
    <ClCompile Include="..\public\code\db\dataStruct\curRateStruct.cpp">
      <Filter>public\db\dataStruct</Filter>
    </ClCompile>
    <ClCompile Include="..\public\code\db\dataStruct\monitorValueStruct.cpp">
      <Filter>public\db\dataStruct</Filter>
    </ClCompile>
    <ClCompile Include="..\public\code\db\dataStruct\optValueStruct.cpp">
      <Filter>public\db\dataStruct</Filter>
    </ClCompile>
    <ClCompile Include="..\public\code\db\dataStruct\threadStatusStruct.cpp">
      <Filter>public\db\dataStruct</Filter>
    </ClCompile>
    <ClCompile Include="..\public\code\db\dataStruct\processTaskInfoStruct.cpp">
      <Filter>public\db\dataStruct</Filter>
    </ClCompile>
    <ClCompile Include="..\public\code\db\dataStruct\testDbInfoStruct.cpp">
      <Filter>public\db\dataStruct</Filter>
    </ClCompile>
    <ClCompile Include="..\public\code\table\Field.cpp">
      <Filter>public\table</Filter>
    </ClCompile>
    <ClCompile Include="..\public\code\table\Row.cpp">
      <Filter>public\table</Filter>
    </ClCompile>
    <ClCompile Include="..\public\code\table\Table.cpp">
      <Filter>public\table</Filter>
    </ClCompile>
    <ClCompile Include="..\public\code\table\TableStruct.cpp">
      <Filter>public\table</Filter>
    </ClCompile>
    <ClCompile Include="..\public\code\table\Value.cpp">
      <Filter>public\table</Filter>
    </ClCompile>
    <ClCompile Include="..\public\code\rate\CurRate.cpp">
      <Filter>public\rate</Filter>
    </ClCompile>
    <ClCompile Include="..\public\code\rate\HisRate.cpp">
      <Filter>public\rate</Filter>
    </ClCompile>
    <ClCompile Include="..\public\code\rate\rateInfo.cpp">
      <Filter>public\rate</Filter>
    </ClCompile>
    <ClCompile Include="..\public\code\tools\FunctionLog.cpp">
      <Filter>public\tools</Filter>
    </ClCompile>
    <ClCompile Include="..\public\code\tools\twiceLog.cpp">
      <Filter>public\tools</Filter>
    </ClCompile>
    <ClCompile Include="..\public\code\account\flxOpt.cpp">
      <Filter>public\account</Filter>
    </ClCompile>
    <ClCompile Include="..\public\code\account\monitor.cpp">
      <Filter>public\account</Filter>
    </ClCompile>
    <ClCompile Include="..\public\code\account\optAccount.cpp">
      <Filter>public\account</Filter>
    </ClCompile>
    <ClCompile Include="..\public\code\thread\baseThread.cpp">
      <Filter>public\thread</Filter>
    </ClCompile>
    <ClCompile Include="..\public\code\thread\calcThread.cpp">
      <Filter>public\thread</Filter>
    </ClCompile>
  </ItemGroup>
  <ItemGroup>
    <ResourceCompile Include="LoadDataFromFile.rc">
      <Filter>资源文件</Filter>
    </ResourceCompile>
  </ItemGroup>
</Project>