<?xml version="1.0" encoding="utf-8"?>
<Project ToolsVersion="4.0" xmlns="http://schemas.microsoft.com/developer/msbuild/2003">
  <ItemGroup>
    <Filter Include="源文件">
      <UniqueIdentifier>{4FC737F1-C7A5-4376-A066-2A32D752A2FF}</UniqueIdentifier>
      <Extensions>cpp;c;cc;cxx;def;odl;idl;hpj;bat;asm;asmx</Extensions>
    </Filter>
    <Filter Include="头文件">
      <UniqueIdentifier>{93995380-89BD-4b04-88EB-625FBE52EBFB}</UniqueIdentifier>
      <Extensions>h;hpp;hxx;hm;inl;inc;xsd</Extensions>
    </Filter>
    <Filter Include="资源文件">
      <UniqueIdentifier>{67DA6AB6-F800-4c08-8B7A-83BB121AAD01}</UniqueIdentifier>
      <Extensions>rc;ico;cur;bmp;dlg;rc2;rct;bin;rgs;gif;jpg;jpeg;jpe;resx;tiff;tif;png;wav;mfcribbon-ms</Extensions>
    </Filter>
    <Filter Include="public">
      <UniqueIdentifier>{ece57eae-7817-4817-8840-6ca516f79666}</UniqueIdentifier>
    </Filter>
    <Filter Include="public\code">
      <UniqueIdentifier>{c9017f53-788b-4c9d-b831-88253fcd223a}</UniqueIdentifier>
    </Filter>
    <Filter Include="public\code\db">
      <UniqueIdentifier>{dff3964f-cd72-4987-a322-ef3bec089ed8}</UniqueIdentifier>
    </Filter>
    <Filter Include="public\code\table">
      <UniqueIdentifier>{e9fdc383-5ba7-4a7a-a41b-a2645b0f96a2}</UniqueIdentifier>
    </Filter>
    <Filter Include="public\code\rate">
      <UniqueIdentifier>{e925389c-7501-42ef-9ee0-dbe5abc1b514}</UniqueIdentifier>
    </Filter>
  </ItemGroup>
  <ItemGroup>
    <Text Include="ReadMe.txt" />
  </ItemGroup>
  <ItemGroup>
    <ClInclude Include="targetver.h">
      <Filter>头文件</Filter>
    </ClInclude>
    <ClInclude Include="..\public\code\ConstDef.h">
      <Filter>public\code</Filter>
    </ClInclude>
    <ClInclude Include="..\public\code\PubFun.h">
      <Filter>public\code</Filter>
    </ClInclude>
    <ClInclude Include="..\public\code\db\DbObj.h">
      <Filter>public\code\db</Filter>
    </ClInclude>
    <ClInclude Include="..\public\code\db\VspdCToMySQL.h">
      <Filter>public\code\db</Filter>
    </ClInclude>
    <ClInclude Include="..\public\code\table\Exception.h">
      <Filter>public\code\table</Filter>
    </ClInclude>
    <ClInclude Include="..\public\code\table\Field.h">
      <Filter>public\code\table</Filter>
    </ClInclude>
    <ClInclude Include="..\public\code\table\Row.h">
      <Filter>public\code\table</Filter>
    </ClInclude>
    <ClInclude Include="..\public\code\table\Table.h">
      <Filter>public\code\table</Filter>
    </ClInclude>
    <ClInclude Include="..\public\code\table\TableStruct.h">
      <Filter>public\code\table</Filter>
    </ClInclude>
    <ClInclude Include="..\public\code\rate\CurRate.h">
      <Filter>public\code\rate</Filter>
    </ClInclude>
    <ClInclude Include="..\public\code\rate\HisRate.h">
      <Filter>public\code\rate</Filter>
    </ClInclude>
    <ClInclude Include="HisRateLoader.h">
      <Filter>头文件</Filter>
    </ClInclude>
  </ItemGroup>
  <ItemGroup>
    <ClCompile Include="LoadDataFromFile.cpp">
      <Filter>源文件</Filter>
    </ClCompile>
    <ClCompile Include="..\public\code\PubFun.cpp">
      <Filter>public\code</Filter>
    </ClCompile>
    <ClCompile Include="..\public\code\db\DbObj.cpp">
      <Filter>public\code\db</Filter>
    </ClCompile>
    <ClCompile Include="..\public\code\db\VspdCToMySQL.cpp">
      <Filter>public\code\db</Filter>
    </ClCompile>
    <ClCompile Include="..\public\code\table\Exception.cpp">
      <Filter>public\code\table</Filter>
    </ClCompile>
    <ClCompile Include="..\public\code\table\Field.cpp">
      <Filter>public\code\table</Filter>
    </ClCompile>
    <ClCompile Include="..\public\code\table\Row.cpp">
      <Filter>public\code\table</Filter>
    </ClCompile>
    <ClCompile Include="..\public\code\table\Table.cpp">
      <Filter>public\code\table</Filter>
    </ClCompile>
    <ClCompile Include="..\public\code\table\TableStruct.cpp">
      <Filter>public\code\table</Filter>
    </ClCompile>
    <ClCompile Include="..\public\code\rate\CurRate.cpp">
      <Filter>public\code\rate</Filter>
    </ClCompile>
    <ClCompile Include="..\public\code\rate\HisRate.cpp">
      <Filter>public\code\rate</Filter>
    </ClCompile>
    <ClCompile Include="HisRateLoader.cpp">
      <Filter>源文件</Filter>
    </ClCompile>
  </ItemGroup>
</Project>