<?xml version="1.0" encoding="utf-8"?>
<Project ToolsVersion="4.0" xmlns="http://schemas.microsoft.com/developer/msbuild/2003">
  <ItemGroup>
    <Filter Include="源文件">
      <UniqueIdentifier>{4FC737F1-C7A5-4376-A066-2A32D752A2FF}</UniqueIdentifier>
      <Extensions>cpp;c;cc;cxx;def;odl;idl;hpj;bat;asm;asmx</Extensions>
    </Filter>
    <Filter Include="头文件">
      <UniqueIdentifier>{93995380-89BD-4b04-88EB-625FBE52EBFB}</UniqueIdentifier>
      <Extensions>h;hpp;hxx;hm;inl;inc;xsd</Extensions>
    </Filter>
    <Filter Include="资源文件">
      <UniqueIdentifier>{67DA6AB6-F800-4c08-8B7A-83BB121AAD01}</UniqueIdentifier>
      <Extensions>rc;ico;cur;bmp;dlg;rc2;rct;bin;rgs;gif;jpg;jpeg;jpe;resx;tiff;tif;png;wav;mfcribbon-ms</Extensions>
    </Filter>
    <Filter Include="public">
      <UniqueIdentifier>{0223008e-0437-49ad-8d9e-81b78cf7f15c}</UniqueIdentifier>
    </Filter>
    <Filter Include="public\task">
      <UniqueIdentifier>{7e6c26db-56a0-4a79-a4d5-2c6487893c77}</UniqueIdentifier>
    </Filter>
    <Filter Include="public\tinyXml">
      <UniqueIdentifier>{78c0d02c-f2b5-4de1-9daa-340bb8e5d8cc}</UniqueIdentifier>
    </Filter>
    <Filter Include="public\process">
      <UniqueIdentifier>{a6a171bf-dca2-499f-abde-d2c9cc81584a}</UniqueIdentifier>
    </Filter>
    <Filter Include="public\process\cap">
      <UniqueIdentifier>{c26b668b-62c2-4507-829e-47130953d989}</UniqueIdentifier>
    </Filter>
    <Filter Include="public\process\calculation">
      <UniqueIdentifier>{da1e8dd8-8858-47f8-828d-fe00988f2062}</UniqueIdentifier>
    </Filter>
    <Filter Include="public\process\obj">
      <UniqueIdentifier>{5b1a2792-c749-4434-8cf1-1f52bce10154}</UniqueIdentifier>
    </Filter>
    <Filter Include="public\process\obj\continue">
      <UniqueIdentifier>{c1850185-dcfe-4240-8a0a-b07665e70e2f}</UniqueIdentifier>
    </Filter>
    <Filter Include="public\process\obj\function">
      <UniqueIdentifier>{5344e663-340b-4c01-99c7-f1e7464a0af3}</UniqueIdentifier>
    </Filter>
    <Filter Include="public\process\obj\average">
      <UniqueIdentifier>{d88d319b-d43a-4976-8dc8-8b2aeed8b197}</UniqueIdentifier>
    </Filter>
    <Filter Include="public\process\decision">
      <UniqueIdentifier>{34851caa-ca1d-4eb1-97fe-1c33b3f2905c}</UniqueIdentifier>
    </Filter>
    <Filter Include="public\data">
      <UniqueIdentifier>{42f0fc94-66cb-4819-bbd9-18326f927363}</UniqueIdentifier>
    </Filter>
    <Filter Include="public\db">
      <UniqueIdentifier>{96c06e4b-a3c9-4185-a9b7-4ed7c8808fbd}</UniqueIdentifier>
    </Filter>
    <Filter Include="public\db\dataStruct">
      <UniqueIdentifier>{1675c6c6-7e9c-4cc6-9ce0-e40809c2b613}</UniqueIdentifier>
    </Filter>
    <Filter Include="public\table">
      <UniqueIdentifier>{2eb7c5a1-a9c5-4a6c-82bd-320b8596ea24}</UniqueIdentifier>
    </Filter>
    <Filter Include="public\rate">
      <UniqueIdentifier>{902e31b4-d56a-47d4-8cbd-246bfb3cb962}</UniqueIdentifier>
    </Filter>
    <Filter Include="public\tools">
      <UniqueIdentifier>{4d0959c3-c1bd-43d9-91a4-fee0b218924e}</UniqueIdentifier>
    </Filter>
    <Filter Include="public\account">
      <UniqueIdentifier>{e017b30f-a417-46cd-90cf-fa7c7b7067c1}</UniqueIdentifier>
    </Filter>
  </ItemGroup>
  <ItemGroup>
    <Text Include="ReadMe.txt" />
  </ItemGroup>
  <ItemGroup>
    <ClInclude Include="DataShow.h">
      <Filter>头文件</Filter>
    </ClInclude>
    <ClInclude Include="DataShowDlg.h">
      <Filter>头文件</Filter>
    </ClInclude>
    <ClInclude Include="stdafx.h">
      <Filter>头文件</Filter>
    </ClInclude>
    <ClInclude Include="targetver.h">
      <Filter>头文件</Filter>
    </ClInclude>
    <ClInclude Include="Resource.h">
      <Filter>头文件</Filter>
    </ClInclude>
    <ClInclude Include="..\public\code\AutoMutex.h">
      <Filter>public</Filter>
    </ClInclude>
    <ClInclude Include="..\public\code\ConstDef.h">
      <Filter>public</Filter>
    </ClInclude>
    <ClInclude Include="..\public\code\Exception.h">
      <Filter>public</Filter>
    </ClInclude>
    <ClInclude Include="..\public\code\LinkedHashMap.h">
      <Filter>public</Filter>
    </ClInclude>
    <ClInclude Include="..\public\code\LogObj.h">
      <Filter>public</Filter>
    </ClInclude>
    <ClInclude Include="..\public\code\PubFun.h">
      <Filter>public</Filter>
    </ClInclude>
    <ClInclude Include="..\public\code\task\baseTask.h">
      <Filter>public\task</Filter>
    </ClInclude>
    <ClInclude Include="..\public\code\task\dbTestTask.h">
      <Filter>public\task</Filter>
    </ClInclude>
    <ClInclude Include="..\public\code\task\processTask.h">
      <Filter>public\task</Filter>
    </ClInclude>
    <ClInclude Include="..\public\code\task\taskBuilder.h">
      <Filter>public\task</Filter>
    </ClInclude>
    <ClInclude Include="..\public\code\task\taskRunner.h">
      <Filter>public\task</Filter>
    </ClInclude>
    <ClInclude Include="..\public\code\tinyXml\tinystr.h">
      <Filter>public\tinyXml</Filter>
    </ClInclude>
    <ClInclude Include="..\public\code\tinyXml\tinyxml.h">
      <Filter>public\tinyXml</Filter>
    </ClInclude>
    <ClInclude Include="..\public\code\process\averageProcess.h">
      <Filter>public\process</Filter>
    </ClInclude>
    <ClInclude Include="..\public\code\process\baseProcess.h">
      <Filter>public\process</Filter>
    </ClInclude>
    <ClInclude Include="..\public\code\process\continueProcess.h">
      <Filter>public\process</Filter>
    </ClInclude>
    <ClInclude Include="..\public\code\process\processType.h">
      <Filter>public\process</Filter>
    </ClInclude>
    <ClInclude Include="..\public\code\process\cap\additionCap.h">
      <Filter>public\process\cap</Filter>
    </ClInclude>
    <ClInclude Include="..\public\code\process\cap\baseCap.h">
      <Filter>public\process\cap</Filter>
    </ClInclude>
    <ClInclude Include="..\public\code\process\cap\speadCap.h">
      <Filter>public\process\cap</Filter>
    </ClInclude>
    <ClInclude Include="..\public\code\process\cap\threshold.h">
      <Filter>public\process\cap</Filter>
    </ClInclude>
    <ClInclude Include="..\public\code\process\calculation\baseCalc.h">
      <Filter>public\process\calculation</Filter>
    </ClInclude>
    <ClInclude Include="..\public\code\process\obj\proCorrecting.h">
      <Filter>public\process\obj</Filter>
    </ClInclude>
    <ClInclude Include="..\public\code\process\obj\rateValue.h">
      <Filter>public\process\obj</Filter>
    </ClInclude>
    <ClInclude Include="..\public\code\process\obj\sum.h">
      <Filter>public\process\obj</Filter>
    </ClInclude>
    <ClInclude Include="..\public\code\process\obj\sumByTime.h">
      <Filter>public\process\obj</Filter>
    </ClInclude>
    <ClInclude Include="..\public\code\process\obj\continue\continueAnalysis.h">
      <Filter>public\process\obj\continue</Filter>
    </ClInclude>
    <ClInclude Include="..\public\code\process\obj\continue\continueFinder.h">
      <Filter>public\process\obj\continue</Filter>
    </ClInclude>
    <ClInclude Include="..\public\code\process\obj\continue\continueJudgeGroup.h">
      <Filter>public\process\obj\continue</Filter>
    </ClInclude>
    <ClInclude Include="..\public\code\process\obj\continue\continueJudgeObj.h">
      <Filter>public\process\obj\continue</Filter>
    </ClInclude>
    <ClInclude Include="..\public\code\process\obj\continue\continueKeeper.h">
      <Filter>public\process\obj\continue</Filter>
    </ClInclude>
    <ClInclude Include="..\public\code\process\obj\continue\continueObj.h">
      <Filter>public\process\obj\continue</Filter>
    </ClInclude>
    <ClInclude Include="..\public\code\process\obj\continue\continueValue.h">
      <Filter>public\process\obj\continue</Filter>
    </ClInclude>
    <ClInclude Include="..\public\code\process\obj\function\baseFun.h">
      <Filter>public\process\obj\function</Filter>
    </ClInclude>
    <ClInclude Include="..\public\code\process\obj\function\fun1.h">
      <Filter>public\process\obj\function</Filter>
    </ClInclude>
    <ClInclude Include="..\public\code\process\obj\average\averageAnalysis.h">
      <Filter>public\process\obj\average</Filter>
    </ClInclude>
    <ClInclude Include="..\public\code\process\obj\average\averageObj.h">
      <Filter>public\process\obj\average</Filter>
    </ClInclude>
    <ClInclude Include="..\public\code\process\decision\averageDecision.h">
      <Filter>public\process\decision</Filter>
    </ClInclude>
    <ClInclude Include="..\public\code\process\decision\continueDecision.h">
      <Filter>public\process\decision</Filter>
    </ClInclude>
    <ClInclude Include="..\public\code\data\globalData.h">
      <Filter>public\data</Filter>
    </ClInclude>
    <ClInclude Include="..\public\code\db\dateOperateion.h">
      <Filter>public\db</Filter>
    </ClInclude>
    <ClInclude Include="..\public\code\db\DbFunc.h">
      <Filter>public\db</Filter>
    </ClInclude>
    <ClInclude Include="..\public\code\db\DbObj.h">
      <Filter>public\db</Filter>
    </ClInclude>
    <ClInclude Include="..\public\code\db\VspdCToMySQL.h">
      <Filter>public\db</Filter>
    </ClInclude>
    <ClInclude Include="..\public\code\db\dataStruct\baseCurRateStruct.h">
      <Filter>public\db\dataStruct</Filter>
    </ClInclude>
    <ClInclude Include="..\public\code\db\dataStruct\continueValueStruct.h">
      <Filter>public\db\dataStruct</Filter>
    </ClInclude>
    <ClInclude Include="..\public\code\db\dataStruct\curRateAverageStruct.h">
      <Filter>public\db\dataStruct</Filter>
    </ClInclude>
    <ClInclude Include="..\public\code\db\dataStruct\curRateStruct.h">
      <Filter>public\db\dataStruct</Filter>
    </ClInclude>
    <ClInclude Include="..\public\code\db\dataStruct\monitorValueStruct.h">
      <Filter>public\db\dataStruct</Filter>
    </ClInclude>
    <ClInclude Include="..\public\code\db\dataStruct\optValueStruct.h">
      <Filter>public\db\dataStruct</Filter>
    </ClInclude>
    <ClInclude Include="..\public\code\db\dataStruct\processStatusStruct.h">
      <Filter>public\db\dataStruct</Filter>
    </ClInclude>
    <ClInclude Include="..\public\code\db\dataStruct\processTaskInfoStruct.h">
      <Filter>public\db\dataStruct</Filter>
    </ClInclude>
    <ClInclude Include="..\public\code\db\dataStruct\testDbInfoStruct.h">
      <Filter>public\db\dataStruct</Filter>
    </ClInclude>
    <ClInclude Include="..\public\code\table\Field.h">
      <Filter>public\table</Filter>
    </ClInclude>
    <ClInclude Include="..\public\code\table\Row.h">
      <Filter>public\table</Filter>
    </ClInclude>
    <ClInclude Include="..\public\code\table\Table.h">
      <Filter>public\table</Filter>
    </ClInclude>
    <ClInclude Include="..\public\code\table\TableStruct.h">
      <Filter>public\table</Filter>
    </ClInclude>
    <ClInclude Include="..\public\code\table\Value.h">
      <Filter>public\table</Filter>
    </ClInclude>
    <ClInclude Include="..\public\code\rate\CurRate.h">
      <Filter>public\rate</Filter>
    </ClInclude>
    <ClInclude Include="..\public\code\rate\HisRate.h">
      <Filter>public\rate</Filter>
    </ClInclude>
    <ClInclude Include="..\public\code\rate\rateInfo.h">
      <Filter>public\rate</Filter>
    </ClInclude>
    <ClInclude Include="..\public\code\tools\FunctionLog.h">
      <Filter>public\tools</Filter>
    </ClInclude>
    <ClInclude Include="..\public\code\tools\twiceLog.h">
      <Filter>public\tools</Filter>
    </ClInclude>
    <ClInclude Include="..\public\code\account\flxOpt.h">
      <Filter>public\account</Filter>
    </ClInclude>
    <ClInclude Include="..\public\code\account\monitor.h">
      <Filter>public\account</Filter>
    </ClInclude>
    <ClInclude Include="..\public\code\account\optAccount.h">
      <Filter>public\account</Filter>
    </ClInclude>
    <ClInclude Include="ShowSpace.h">
      <Filter>头文件</Filter>
    </ClInclude>
  </ItemGroup>
  <ItemGroup>
    <ClCompile Include="DataShow.cpp">
      <Filter>源文件</Filter>
    </ClCompile>
    <ClCompile Include="DataShowDlg.cpp">
      <Filter>源文件</Filter>
    </ClCompile>
    <ClCompile Include="stdafx.cpp">
      <Filter>源文件</Filter>
    </ClCompile>
    <ClCompile Include="..\public\code\AutoMutex.cpp">
      <Filter>public</Filter>
    </ClCompile>
    <ClCompile Include="..\public\code\Exception.cpp">
      <Filter>public</Filter>
    </ClCompile>
    <ClCompile Include="..\public\code\LogObj.cpp">
      <Filter>public</Filter>
    </ClCompile>
    <ClCompile Include="..\public\code\PubFun.cpp">
      <Filter>public</Filter>
    </ClCompile>
    <ClCompile Include="..\public\code\task\baseTask.cpp">
      <Filter>public\task</Filter>
    </ClCompile>
    <ClCompile Include="..\public\code\task\dbTestTask.cpp">
      <Filter>public\task</Filter>
    </ClCompile>
    <ClCompile Include="..\public\code\task\processTask.cpp">
      <Filter>public\task</Filter>
    </ClCompile>
    <ClCompile Include="..\public\code\task\taskBuilder.cpp">
      <Filter>public\task</Filter>
    </ClCompile>
    <ClCompile Include="..\public\code\task\taskRunner.cpp">
      <Filter>public\task</Filter>
    </ClCompile>
    <ClCompile Include="..\public\code\tinyXml\echo.cpp">
      <Filter>public\tinyXml</Filter>
    </ClCompile>
    <ClCompile Include="..\public\code\tinyXml\tinystr.cpp">
      <Filter>public\tinyXml</Filter>
    </ClCompile>
    <ClCompile Include="..\public\code\tinyXml\tinyxml.cpp">
      <Filter>public\tinyXml</Filter>
    </ClCompile>
    <ClCompile Include="..\public\code\tinyXml\tinyxmlerror.cpp">
      <Filter>public\tinyXml</Filter>
    </ClCompile>
    <ClCompile Include="..\public\code\tinyXml\tinyxmlparser.cpp">
      <Filter>public\tinyXml</Filter>
    </ClCompile>
    <ClCompile Include="..\public\code\process\averageProcess.cpp">
      <Filter>public\process</Filter>
    </ClCompile>
    <ClCompile Include="..\public\code\process\baseProcess.cpp">
      <Filter>public\process</Filter>
    </ClCompile>
    <ClCompile Include="..\public\code\process\continueProcess.cpp">
      <Filter>public\process</Filter>
    </ClCompile>
    <ClCompile Include="..\public\code\process\processType.cpp">
      <Filter>public\process</Filter>
    </ClCompile>
    <ClCompile Include="..\public\code\process\cap\additionCap.cpp">
      <Filter>public\process\cap</Filter>
    </ClCompile>
    <ClCompile Include="..\public\code\process\cap\baseCap.cpp">
      <Filter>public\process\cap</Filter>
    </ClCompile>
    <ClCompile Include="..\public\code\process\cap\speadCap.cpp">
      <Filter>public\process\cap</Filter>
    </ClCompile>
    <ClCompile Include="..\public\code\process\cap\threshold.cpp">
      <Filter>public\process\cap</Filter>
    </ClCompile>
    <ClCompile Include="..\public\code\process\calculation\baseCalc.cpp">
      <Filter>public\process\calculation</Filter>
    </ClCompile>
    <ClCompile Include="..\public\code\process\obj\proCorrecting.cpp">
      <Filter>public\process\obj</Filter>
    </ClCompile>
    <ClCompile Include="..\public\code\process\obj\rateValue.cpp">
      <Filter>public\process\obj</Filter>
    </ClCompile>
    <ClCompile Include="..\public\code\process\obj\sum.cpp">
      <Filter>public\process\obj</Filter>
    </ClCompile>
    <ClCompile Include="..\public\code\process\obj\sumByTime.cpp">
      <Filter>public\process\obj</Filter>
    </ClCompile>
    <ClCompile Include="..\public\code\process\obj\continue\continueAnalysis.cpp">
      <Filter>public\process\obj\continue</Filter>
    </ClCompile>
    <ClCompile Include="..\public\code\process\obj\continue\continueFinder.cpp">
      <Filter>public\process\obj\continue</Filter>
    </ClCompile>
    <ClCompile Include="..\public\code\process\obj\continue\continueJudgeGroup.cpp">
      <Filter>public\process\obj\continue</Filter>
    </ClCompile>
    <ClCompile Include="..\public\code\process\obj\continue\continueJudgeObj.cpp">
      <Filter>public\process\obj\continue</Filter>
    </ClCompile>
    <ClCompile Include="..\public\code\process\obj\continue\continueKeeper.cpp">
      <Filter>public\process\obj\continue</Filter>
    </ClCompile>
    <ClCompile Include="..\public\code\process\obj\continue\continueObj.cpp">
      <Filter>public\process\obj\continue</Filter>
    </ClCompile>
    <ClCompile Include="..\public\code\process\obj\continue\continueValue.cpp">
      <Filter>public\process\obj\continue</Filter>
    </ClCompile>
    <ClCompile Include="..\public\code\process\obj\function\baseFun.cpp">
      <Filter>public\process\obj\function</Filter>
    </ClCompile>
    <ClCompile Include="..\public\code\process\obj\function\fun1.cpp">
      <Filter>public\process\obj\function</Filter>
    </ClCompile>
    <ClCompile Include="..\public\code\process\obj\average\averageAnalysis.cpp">
      <Filter>public\process\obj\average</Filter>
    </ClCompile>
    <ClCompile Include="..\public\code\process\obj\average\averageObj.cpp">
      <Filter>public\process\obj\average</Filter>
    </ClCompile>
    <ClCompile Include="..\public\code\process\decision\averageDecision.cpp">
      <Filter>public\process\decision</Filter>
    </ClCompile>
    <ClCompile Include="..\public\code\process\decision\continueDecision.cpp">
      <Filter>public\process\decision</Filter>
    </ClCompile>
    <ClCompile Include="..\public\code\data\globalData.cpp">
      <Filter>public\data</Filter>
    </ClCompile>
    <ClCompile Include="..\public\code\db\dateOperateion.cpp">
      <Filter>public\db</Filter>
    </ClCompile>
    <ClCompile Include="..\public\code\db\DbFunc.cpp">
      <Filter>public\db</Filter>
    </ClCompile>
    <ClCompile Include="..\public\code\db\DbObj.cpp">
      <Filter>public\db</Filter>
    </ClCompile>
    <ClCompile Include="..\public\code\db\VspdCToMySQL.cpp">
      <Filter>public\db</Filter>
    </ClCompile>
    <ClCompile Include="..\public\code\db\dataStruct\baseCurRateStruct.cpp">
      <Filter>public\db\dataStruct</Filter>
    </ClCompile>
    <ClCompile Include="..\public\code\db\dataStruct\continueValueStruct.cpp">
      <Filter>public\db\dataStruct</Filter>
    </ClCompile>
    <ClCompile Include="..\public\code\db\dataStruct\curRateAverageStruct.cpp">
      <Filter>public\db\dataStruct</Filter>
    </ClCompile>
    <ClCompile Include="..\public\code\db\dataStruct\curRateStruct.cpp">
      <Filter>public\db\dataStruct</Filter>
    </ClCompile>
    <ClCompile Include="..\public\code\db\dataStruct\monitorValueStruct.cpp">
      <Filter>public\db\dataStruct</Filter>
    </ClCompile>
    <ClCompile Include="..\public\code\db\dataStruct\optValueStruct.cpp">
      <Filter>public\db\dataStruct</Filter>
    </ClCompile>
    <ClCompile Include="..\public\code\db\dataStruct\processStatusStruct.cpp">
      <Filter>public\db\dataStruct</Filter>
    </ClCompile>
    <ClCompile Include="..\public\code\db\dataStruct\processTaskInfoStruct.cpp">
      <Filter>public\db\dataStruct</Filter>
    </ClCompile>
    <ClCompile Include="..\public\code\db\dataStruct\testDbInfoStruct.cpp">
      <Filter>public\db\dataStruct</Filter>
    </ClCompile>
    <ClCompile Include="..\public\code\table\Field.cpp">
      <Filter>public\table</Filter>
    </ClCompile>
    <ClCompile Include="..\public\code\table\Row.cpp">
      <Filter>public\table</Filter>
    </ClCompile>
    <ClCompile Include="..\public\code\table\Table.cpp">
      <Filter>public\table</Filter>
    </ClCompile>
    <ClCompile Include="..\public\code\table\TableStruct.cpp">
      <Filter>public\table</Filter>
    </ClCompile>
    <ClCompile Include="..\public\code\table\Value.cpp">
      <Filter>public\table</Filter>
    </ClCompile>
    <ClCompile Include="..\public\code\rate\CurRate.cpp">
      <Filter>public\rate</Filter>
    </ClCompile>
    <ClCompile Include="..\public\code\rate\HisRate.cpp">
      <Filter>public\rate</Filter>
    </ClCompile>
    <ClCompile Include="..\public\code\rate\rateInfo.cpp">
      <Filter>public\rate</Filter>
    </ClCompile>
    <ClCompile Include="..\public\code\tools\FunctionLog.cpp">
      <Filter>public\tools</Filter>
    </ClCompile>
    <ClCompile Include="..\public\code\tools\twiceLog.cpp">
      <Filter>public\tools</Filter>
    </ClCompile>
    <ClCompile Include="..\public\code\account\flxOpt.cpp">
      <Filter>public\account</Filter>
    </ClCompile>
    <ClCompile Include="..\public\code\account\monitor.cpp">
      <Filter>public\account</Filter>
    </ClCompile>
    <ClCompile Include="..\public\code\account\optAccount.cpp">
      <Filter>public\account</Filter>
    </ClCompile>
    <ClCompile Include="ShowSpace.cpp">
      <Filter>源文件</Filter>
    </ClCompile>
  </ItemGroup>
  <ItemGroup>
    <ResourceCompile Include="DataShow.rc">
      <Filter>资源文件</Filter>
    </ResourceCompile>
  </ItemGroup>
  <ItemGroup>
    <None Include="res\DataShow.rc2">
      <Filter>资源文件</Filter>
    </None>
  </ItemGroup>
  <ItemGroup>
    <Image Include="res\DataShow.ico">
      <Filter>资源文件</Filter>
    </Image>
  </ItemGroup>
</Project>