<?xml version="1.0" encoding="utf-8"?>
<Project ToolsVersion="4.0" xmlns="http://schemas.microsoft.com/developer/msbuild/2003">
  <ItemGroup>
    <Filter Include="源文件">
      <UniqueIdentifier>{4FC737F1-C7A5-4376-A066-2A32D752A2FF}</UniqueIdentifier>
      <Extensions>cpp;c;cc;cxx;def;odl;idl;hpj;bat;asm;asmx</Extensions>
    </Filter>
    <Filter Include="头文件">
      <UniqueIdentifier>{93995380-89BD-4b04-88EB-625FBE52EBFB}</UniqueIdentifier>
      <Extensions>h;hpp;hxx;hm;inl;inc;xsd</Extensions>
    </Filter>
    <Filter Include="资源文件">
      <UniqueIdentifier>{67DA6AB6-F800-4c08-8B7A-83BB121AAD01}</UniqueIdentifier>
      <Extensions>rc;ico;cur;bmp;dlg;rc2;rct;bin;rgs;gif;jpg;jpeg;jpe;resx;tiff;tif;png;wav;mfcribbon-ms</Extensions>
    </Filter>
    <Filter Include="public">
      <UniqueIdentifier>{58f7d479-498e-4ec8-8009-c15016e8dfc3}</UniqueIdentifier>
    </Filter>
    <Filter Include="public\task">
      <UniqueIdentifier>{ce4dcd02-183b-4bda-ad89-097628b1687b}</UniqueIdentifier>
    </Filter>
    <Filter Include="public\tinyXml">
      <UniqueIdentifier>{54887bdb-96a6-449f-83d6-3985c0db3b59}</UniqueIdentifier>
    </Filter>
    <Filter Include="public\process">
      <UniqueIdentifier>{61658725-d917-4aa5-b32f-876ae4dd94cc}</UniqueIdentifier>
    </Filter>
    <Filter Include="public\process\cap">
      <UniqueIdentifier>{1b6d072a-89ea-424b-b63e-55b527e6d5f8}</UniqueIdentifier>
    </Filter>
    <Filter Include="public\process\calculation">
      <UniqueIdentifier>{4f47031d-9025-4e70-8d58-80590b7a4ede}</UniqueIdentifier>
    </Filter>
    <Filter Include="public\process\obj">
      <UniqueIdentifier>{4b601cad-502c-46ae-8d9f-c1b9bafff3e9}</UniqueIdentifier>
    </Filter>
    <Filter Include="public\data">
      <UniqueIdentifier>{5ee6c3d1-ffbe-4efb-9818-ad25c20aaaad}</UniqueIdentifier>
    </Filter>
    <Filter Include="public\db">
      <UniqueIdentifier>{1c91eeb3-7fb0-4856-a4df-7a63ff961376}</UniqueIdentifier>
    </Filter>
    <Filter Include="public\db\dataObj">
      <UniqueIdentifier>{7c48c24b-7501-4058-92c7-159ed85a5e3b}</UniqueIdentifier>
    </Filter>
    <Filter Include="public\db\dataStruct">
      <UniqueIdentifier>{068146c0-760a-4e44-91ce-ab8f6c315d4b}</UniqueIdentifier>
    </Filter>
    <Filter Include="public\table">
      <UniqueIdentifier>{6033edbe-a2be-4754-ad5d-a4de2d0d5335}</UniqueIdentifier>
    </Filter>
    <Filter Include="public\rate">
      <UniqueIdentifier>{8becc7d6-4e16-4ebb-9245-77daf0a4df2a}</UniqueIdentifier>
    </Filter>
  </ItemGroup>
  <ItemGroup>
    <Text Include="ReadMe.txt" />
  </ItemGroup>
  <ItemGroup>
    <ClInclude Include="targetver.h">
      <Filter>头文件</Filter>
    </ClInclude>
    <ClInclude Include="..\public\code\ConstDef.h">
      <Filter>public</Filter>
    </ClInclude>
    <ClInclude Include="..\public\code\PubFun.h">
      <Filter>public</Filter>
    </ClInclude>
    <ClInclude Include="..\public\code\task\baseTask.h">
      <Filter>public\task</Filter>
    </ClInclude>
    <ClInclude Include="..\public\code\task\processTask.h">
      <Filter>public\task</Filter>
    </ClInclude>
    <ClInclude Include="..\public\code\task\taskBuilder.h">
      <Filter>public\task</Filter>
    </ClInclude>
    <ClInclude Include="..\public\code\task\taskRunner.h">
      <Filter>public\task</Filter>
    </ClInclude>
    <ClInclude Include="..\public\code\tinyXml\tinystr.h">
      <Filter>public\tinyXml</Filter>
    </ClInclude>
    <ClInclude Include="..\public\code\tinyXml\tinyxml.h">
      <Filter>public\tinyXml</Filter>
    </ClInclude>
    <ClInclude Include="..\public\code\process\averageProcess.h">
      <Filter>public\process</Filter>
    </ClInclude>
    <ClInclude Include="..\public\code\process\baseProcess.h">
      <Filter>public\process</Filter>
    </ClInclude>
    <ClInclude Include="..\public\code\process\processInfo.h">
      <Filter>public\process</Filter>
    </ClInclude>
    <ClInclude Include="..\public\code\process\processType.h">
      <Filter>public\process</Filter>
    </ClInclude>
    <ClInclude Include="..\public\code\process\cap\additionCap.h">
      <Filter>public\process\cap</Filter>
    </ClInclude>
    <ClInclude Include="..\public\code\process\cap\baseCap.h">
      <Filter>public\process\cap</Filter>
    </ClInclude>
    <ClInclude Include="..\public\code\process\cap\speadCap.h">
      <Filter>public\process\cap</Filter>
    </ClInclude>
    <ClInclude Include="..\public\code\process\cap\threshold.h">
      <Filter>public\process\cap</Filter>
    </ClInclude>
    <ClInclude Include="..\public\code\process\calculation\averageCalc.h">
      <Filter>public\process\calculation</Filter>
    </ClInclude>
    <ClInclude Include="..\public\code\process\calculation\baseCalc.h">
      <Filter>public\process\calculation</Filter>
    </ClInclude>
    <ClInclude Include="..\public\code\process\obj\proCorrecting.h">
      <Filter>public\process\obj</Filter>
    </ClInclude>
    <ClInclude Include="..\public\code\process\obj\sum.h">
      <Filter>public\process\obj</Filter>
    </ClInclude>
    <ClInclude Include="..\public\code\data\globalData.h">
      <Filter>public\data</Filter>
    </ClInclude>
    <ClInclude Include="..\public\code\db\dateOperateion.h">
      <Filter>public\db</Filter>
    </ClInclude>
    <ClInclude Include="..\public\code\db\DbObj.h">
      <Filter>public\db</Filter>
    </ClInclude>
    <ClInclude Include="..\public\code\db\VspdCToMySQL.h">
      <Filter>public\db</Filter>
    </ClInclude>
    <ClInclude Include="..\public\code\db\dataObj\baseObj.h">
      <Filter>public\db\dataObj</Filter>
    </ClInclude>
    <ClInclude Include="..\public\code\db\dataObj\curRateD.h">
      <Filter>public\db\dataObj</Filter>
    </ClInclude>
    <ClInclude Include="..\public\code\db\dataObj\hisRateD.h">
      <Filter>public\db\dataObj</Filter>
    </ClInclude>
    <ClInclude Include="..\public\code\db\dataObj\processStatus.h">
      <Filter>public\db\dataObj</Filter>
    </ClInclude>
    <ClInclude Include="..\public\code\db\dataObj\processTaskInfo.h">
      <Filter>public\db\dataObj</Filter>
    </ClInclude>
    <ClInclude Include="..\public\code\db\dataStruct\processStatusStruct.h">
      <Filter>public\db\dataStruct</Filter>
    </ClInclude>
    <ClInclude Include="..\public\code\db\dataStruct\processTaskInfoStruct.h">
      <Filter>public\db\dataStruct</Filter>
    </ClInclude>
    <ClInclude Include="..\public\code\db\dataStruct\curRateStruct.h">
      <Filter>public\db\dataStruct</Filter>
    </ClInclude>
    <ClInclude Include="..\public\code\table\Exception.h">
      <Filter>public\table</Filter>
    </ClInclude>
    <ClInclude Include="..\public\code\table\Field.h">
      <Filter>public\table</Filter>
    </ClInclude>
    <ClInclude Include="..\public\code\table\Row.h">
      <Filter>public\table</Filter>
    </ClInclude>
    <ClInclude Include="..\public\code\table\Table.h">
      <Filter>public\table</Filter>
    </ClInclude>
    <ClInclude Include="..\public\code\table\TableStruct.h">
      <Filter>public\table</Filter>
    </ClInclude>
    <ClInclude Include="..\public\code\rate\CurRate.h">
      <Filter>public\rate</Filter>
    </ClInclude>
    <ClInclude Include="..\public\code\rate\HisRate.h">
      <Filter>public\rate</Filter>
    </ClInclude>
  </ItemGroup>
  <ItemGroup>
    <ClCompile Include="SqlCreater.cpp">
      <Filter>源文件</Filter>
    </ClCompile>
    <ClCompile Include="..\public\code\PubFun.cpp">
      <Filter>public</Filter>
    </ClCompile>
    <ClCompile Include="..\public\code\task\baseTask.cpp">
      <Filter>public\task</Filter>
    </ClCompile>
    <ClCompile Include="..\public\code\task\processTask.cpp">
      <Filter>public\task</Filter>
    </ClCompile>
    <ClCompile Include="..\public\code\task\taskBuilder.cpp">
      <Filter>public\task</Filter>
    </ClCompile>
    <ClCompile Include="..\public\code\task\taskRunner.cpp">
      <Filter>public\task</Filter>
    </ClCompile>
    <ClCompile Include="..\public\code\tinyXml\echo.cpp">
      <Filter>public\tinyXml</Filter>
    </ClCompile>
    <ClCompile Include="..\public\code\tinyXml\tinystr.cpp">
      <Filter>public\tinyXml</Filter>
    </ClCompile>
    <ClCompile Include="..\public\code\tinyXml\tinyxml.cpp">
      <Filter>public\tinyXml</Filter>
    </ClCompile>
    <ClCompile Include="..\public\code\tinyXml\tinyxmlerror.cpp">
      <Filter>public\tinyXml</Filter>
    </ClCompile>
    <ClCompile Include="..\public\code\tinyXml\tinyxmlparser.cpp">
      <Filter>public\tinyXml</Filter>
    </ClCompile>
    <ClCompile Include="..\public\code\process\averageProcess.cpp">
      <Filter>public\process</Filter>
    </ClCompile>
    <ClCompile Include="..\public\code\process\baseProcess.cpp">
      <Filter>public\process</Filter>
    </ClCompile>
    <ClCompile Include="..\public\code\process\processInfo.cpp">
      <Filter>public\process</Filter>
    </ClCompile>
    <ClCompile Include="..\public\code\process\processType.cpp">
      <Filter>public\process</Filter>
    </ClCompile>
    <ClCompile Include="..\public\code\process\cap\additionCap.cpp">
      <Filter>public\process\cap</Filter>
    </ClCompile>
    <ClCompile Include="..\public\code\process\cap\baseCap.cpp">
      <Filter>public\process\cap</Filter>
    </ClCompile>
    <ClCompile Include="..\public\code\process\cap\speadCap.cpp">
      <Filter>public\process\cap</Filter>
    </ClCompile>
    <ClCompile Include="..\public\code\process\cap\threshold.cpp">
      <Filter>public\process\cap</Filter>
    </ClCompile>
    <ClCompile Include="..\public\code\process\calculation\averageCalc.cpp">
      <Filter>public\process\calculation</Filter>
    </ClCompile>
    <ClCompile Include="..\public\code\process\calculation\baseCalc.cpp">
      <Filter>public\process\calculation</Filter>
    </ClCompile>
    <ClCompile Include="..\public\code\process\obj\proCorrecting.cpp">
      <Filter>public\process\obj</Filter>
    </ClCompile>
    <ClCompile Include="..\public\code\process\obj\sum.cpp">
      <Filter>public\process\obj</Filter>
    </ClCompile>
    <ClCompile Include="..\public\code\data\globalData.cpp">
      <Filter>public\data</Filter>
    </ClCompile>
    <ClCompile Include="..\public\code\db\dateOperateion.cpp">
      <Filter>public\db</Filter>
    </ClCompile>
    <ClCompile Include="..\public\code\db\DbObj.cpp">
      <Filter>public\db</Filter>
    </ClCompile>
    <ClCompile Include="..\public\code\db\VspdCToMySQL.cpp">
      <Filter>public\db</Filter>
    </ClCompile>
    <ClCompile Include="..\public\code\db\dataObj\baseObj.cpp">
      <Filter>public\db\dataObj</Filter>
    </ClCompile>
    <ClCompile Include="..\public\code\db\dataObj\curRateD.cpp">
      <Filter>public\db\dataObj</Filter>
    </ClCompile>
    <ClCompile Include="..\public\code\db\dataObj\hisRateD.cpp">
      <Filter>public\db\dataObj</Filter>
    </ClCompile>
    <ClCompile Include="..\public\code\db\dataObj\processStatus.cpp">
      <Filter>public\db\dataObj</Filter>
    </ClCompile>
    <ClCompile Include="..\public\code\db\dataObj\processTaskInfo.cpp">
      <Filter>public\db\dataObj</Filter>
    </ClCompile>
    <ClCompile Include="..\public\code\db\dataStruct\processStatusStruct.cpp">
      <Filter>public\db\dataStruct</Filter>
    </ClCompile>
    <ClCompile Include="..\public\code\db\dataStruct\processTaskInfoStruct.cpp">
      <Filter>public\db\dataStruct</Filter>
    </ClCompile>
    <ClCompile Include="..\public\code\db\dataStruct\curRateStruct.cpp">
      <Filter>public\db\dataStruct</Filter>
    </ClCompile>
    <ClCompile Include="..\public\code\table\Exception.cpp">
      <Filter>public\table</Filter>
    </ClCompile>
    <ClCompile Include="..\public\code\table\Field.cpp">
      <Filter>public\table</Filter>
    </ClCompile>
    <ClCompile Include="..\public\code\table\Row.cpp">
      <Filter>public\table</Filter>
    </ClCompile>
    <ClCompile Include="..\public\code\table\Table.cpp">
      <Filter>public\table</Filter>
    </ClCompile>
    <ClCompile Include="..\public\code\table\TableStruct.cpp">
      <Filter>public\table</Filter>
    </ClCompile>
    <ClCompile Include="..\public\code\rate\CurRate.cpp">
      <Filter>public\rate</Filter>
    </ClCompile>
    <ClCompile Include="..\public\code\rate\HisRate.cpp">
      <Filter>public\rate</Filter>
    </ClCompile>
  </ItemGroup>
</Project>