<?xml version="1.0" encoding="utf-8"?>
<Project ToolsVersion="4.0" xmlns="http://schemas.microsoft.com/developer/msbuild/2003">
  <ItemGroup>
    <Filter Include="源文件">
      <UniqueIdentifier>{4FC737F1-C7A5-4376-A066-2A32D752A2FF}</UniqueIdentifier>
      <Extensions>cpp;c;cc;cxx;def;odl;idl;hpj;bat;asm;asmx</Extensions>
    </Filter>
    <Filter Include="头文件">
      <UniqueIdentifier>{93995380-89BD-4b04-88EB-625FBE52EBFB}</UniqueIdentifier>
      <Extensions>h;hpp;hxx;hm;inl;inc;xsd</Extensions>
    </Filter>
    <Filter Include="资源文件">
      <UniqueIdentifier>{67DA6AB6-F800-4c08-8B7A-83BB121AAD01}</UniqueIdentifier>
      <Extensions>rc;ico;cur;bmp;dlg;rc2;rct;bin;rgs;gif;jpg;jpeg;jpe;resx;tiff;tif;png;wav;mfcribbon-ms</Extensions>
    </Filter>
    <Filter Include="public">
      <UniqueIdentifier>{5ac5b5f3-4c5b-4e37-a47e-03cffb2c7c5d}</UniqueIdentifier>
    </Filter>
    <Filter Include="public\task">
      <UniqueIdentifier>{902634ef-a28f-436d-98a7-44a0e5cd0710}</UniqueIdentifier>
    </Filter>
    <Filter Include="public\tinyXml">
      <UniqueIdentifier>{f16cad0b-6d3b-413d-8ea1-07b1b8b543f3}</UniqueIdentifier>
    </Filter>
    <Filter Include="public\process">
      <UniqueIdentifier>{b8a8cab9-d244-4ee4-be25-2b6c1548e3a7}</UniqueIdentifier>
    </Filter>
    <Filter Include="public\process\cap">
      <UniqueIdentifier>{09d6aa5f-7f19-48b2-a9ac-7b9d5c4757e2}</UniqueIdentifier>
    </Filter>
    <Filter Include="public\process\calculation">
      <UniqueIdentifier>{6fc097f9-7958-4410-bb4b-3b1f15af8b2c}</UniqueIdentifier>
    </Filter>
    <Filter Include="public\process\obj">
      <UniqueIdentifier>{c393c6a0-cce6-4dda-b74f-991dbe9fc90f}</UniqueIdentifier>
    </Filter>
    <Filter Include="public\process\obj\continue">
      <UniqueIdentifier>{64baaf92-1acb-41d7-a69c-c5448549e4e7}</UniqueIdentifier>
    </Filter>
    <Filter Include="public\process\obj\function">
      <UniqueIdentifier>{1c14bb95-b660-4670-8f97-1d700e061e10}</UniqueIdentifier>
    </Filter>
    <Filter Include="public\process\obj\average">
      <UniqueIdentifier>{6da6bcd6-cf18-41ed-9751-359726ef1046}</UniqueIdentifier>
    </Filter>
    <Filter Include="public\process\decision">
      <UniqueIdentifier>{3a68108b-09a3-4a96-95b7-0d4bfc417b4b}</UniqueIdentifier>
    </Filter>
    <Filter Include="public\data">
      <UniqueIdentifier>{2bacda64-0ed6-4ed0-8774-ffdde486a5f3}</UniqueIdentifier>
    </Filter>
    <Filter Include="public\db">
      <UniqueIdentifier>{2d3dec3e-bf04-4f7c-b1c0-bb7c23f90204}</UniqueIdentifier>
    </Filter>
    <Filter Include="public\db\dataStruct">
      <UniqueIdentifier>{aeffb12e-3553-489c-a735-80bedcdb8394}</UniqueIdentifier>
    </Filter>
    <Filter Include="public\table">
      <UniqueIdentifier>{353526e3-4251-4ba3-a8a7-a4f1adc8e4a9}</UniqueIdentifier>
    </Filter>
    <Filter Include="public\rate">
      <UniqueIdentifier>{fe248ed4-16aa-4c3d-b917-505ce6182aee}</UniqueIdentifier>
    </Filter>
    <Filter Include="public\tools">
      <UniqueIdentifier>{6e44583e-d883-4802-aea8-1b05b55a507c}</UniqueIdentifier>
    </Filter>
    <Filter Include="public\account">
      <UniqueIdentifier>{9a94a54c-4611-42b4-aedd-9b70bc25083f}</UniqueIdentifier>
    </Filter>
    <Filter Include="public\thread">
      <UniqueIdentifier>{56750866-6b73-4a68-ab98-84a2f6eb2519}</UniqueIdentifier>
    </Filter>
  </ItemGroup>
  <ItemGroup>
    <Text Include="ReadMe.txt" />
  </ItemGroup>
  <ItemGroup>
    <ClInclude Include="targetver.h">
      <Filter>头文件</Filter>
    </ClInclude>
    <ClInclude Include="..\public\code\AutoMutex.h">
      <Filter>public</Filter>
    </ClInclude>
    <ClInclude Include="..\public\code\ConstDef.h">
      <Filter>public</Filter>
    </ClInclude>
    <ClInclude Include="..\public\code\Exception.h">
      <Filter>public</Filter>
    </ClInclude>
    <ClInclude Include="..\public\code\LinkedHashMap.h">
      <Filter>public</Filter>
    </ClInclude>
    <ClInclude Include="..\public\code\LogObj.h">
      <Filter>public</Filter>
    </ClInclude>
    <ClInclude Include="..\public\code\PubFun.h">
      <Filter>public</Filter>
    </ClInclude>
    <ClInclude Include="..\public\code\task\dbTestTask.h">
      <Filter>public\task</Filter>
    </ClInclude>
    <ClInclude Include="..\public\code\task\taskBuilder.h">
      <Filter>public\task</Filter>
    </ClInclude>
    <ClInclude Include="..\public\code\task\taskRunner.h">
      <Filter>public\task</Filter>
    </ClInclude>
    <ClInclude Include="..\public\code\tinyXml\tinystr.h">
      <Filter>public\tinyXml</Filter>
    </ClInclude>
    <ClInclude Include="..\public\code\tinyXml\tinyxml.h">
      <Filter>public\tinyXml</Filter>
    </ClInclude>
    <ClInclude Include="..\public\code\process\baseProcess.h">
      <Filter>public\process</Filter>
    </ClInclude>
    <ClInclude Include="..\public\code\process\calcProData.h">
      <Filter>public\process</Filter>
    </ClInclude>
    <ClInclude Include="..\public\code\process\calcProcess.h">
      <Filter>public\process</Filter>
    </ClInclude>
    <ClInclude Include="..\public\code\process\processType.h">
      <Filter>public\process</Filter>
    </ClInclude>
    <ClInclude Include="..\public\code\process\cap\additionCap.h">
      <Filter>public\process\cap</Filter>
    </ClInclude>
    <ClInclude Include="..\public\code\process\cap\baseCap.h">
      <Filter>public\process\cap</Filter>
    </ClInclude>
    <ClInclude Include="..\public\code\process\cap\speadCap.h">
      <Filter>public\process\cap</Filter>
    </ClInclude>
    <ClInclude Include="..\public\code\process\cap\threshold.h">
      <Filter>public\process\cap</Filter>
    </ClInclude>
    <ClInclude Include="..\public\code\process\calculation\baseCalc.h">
      <Filter>public\process\calculation</Filter>
    </ClInclude>
    <ClInclude Include="..\public\code\process\obj\baseAnalysis.h">
      <Filter>public\process\obj</Filter>
    </ClInclude>
    <ClInclude Include="..\public\code\process\obj\proCorrecting.h">
      <Filter>public\process\obj</Filter>
    </ClInclude>
    <ClInclude Include="..\public\code\process\obj\rateValue.h">
      <Filter>public\process\obj</Filter>
    </ClInclude>
    <ClInclude Include="..\public\code\process\obj\sum.h">
      <Filter>public\process\obj</Filter>
    </ClInclude>
    <ClInclude Include="..\public\code\process\obj\sumByTime.h">
      <Filter>public\process\obj</Filter>
    </ClInclude>
    <ClInclude Include="..\public\code\process\obj\continue\continueAnalysis.h">
      <Filter>public\process\obj\continue</Filter>
    </ClInclude>
    <ClInclude Include="..\public\code\process\obj\continue\continueFinder.h">
      <Filter>public\process\obj\continue</Filter>
    </ClInclude>
    <ClInclude Include="..\public\code\process\obj\continue\continueJudgeGroup.h">
      <Filter>public\process\obj\continue</Filter>
    </ClInclude>
    <ClInclude Include="..\public\code\process\obj\continue\continueJudgeObj.h">
      <Filter>public\process\obj\continue</Filter>
    </ClInclude>
    <ClInclude Include="..\public\code\process\obj\continue\continueKeeper.h">
      <Filter>public\process\obj\continue</Filter>
    </ClInclude>
    <ClInclude Include="..\public\code\process\obj\continue\continueObj.h">
      <Filter>public\process\obj\continue</Filter>
    </ClInclude>
    <ClInclude Include="..\public\code\process\obj\continue\continueValue.h">
      <Filter>public\process\obj\continue</Filter>
    </ClInclude>
    <ClInclude Include="..\public\code\process\obj\function\baseFun.h">
      <Filter>public\process\obj\function</Filter>
    </ClInclude>
    <ClInclude Include="..\public\code\process\obj\function\fun1.h">
      <Filter>public\process\obj\function</Filter>
    </ClInclude>
    <ClInclude Include="..\public\code\process\obj\average\averageAnalysis.h">
      <Filter>public\process\obj\average</Filter>
    </ClInclude>
    <ClInclude Include="..\public\code\process\obj\average\averageObj.h">
      <Filter>public\process\obj\average</Filter>
    </ClInclude>
    <ClInclude Include="..\public\code\process\decision\averageDecision.h">
      <Filter>public\process\decision</Filter>
    </ClInclude>
    <ClInclude Include="..\public\code\process\decision\continueDecision.h">
      <Filter>public\process\decision</Filter>
    </ClInclude>
    <ClInclude Include="..\public\code\data\globalData.h">
      <Filter>public\data</Filter>
    </ClInclude>
    <ClInclude Include="..\public\code\db\dateOperateion.h">
      <Filter>public\db</Filter>
    </ClInclude>
    <ClInclude Include="..\public\code\db\DbFunc.h">
      <Filter>public\db</Filter>
    </ClInclude>
    <ClInclude Include="..\public\code\db\DbObj.h">
      <Filter>public\db</Filter>
    </ClInclude>
    <ClInclude Include="..\public\code\db\VspdCToMySQL.h">
      <Filter>public\db</Filter>
    </ClInclude>
    <ClInclude Include="..\public\code\db\dataStruct\baseCurRateStruct.h">
      <Filter>public\db\dataStruct</Filter>
    </ClInclude>
    <ClInclude Include="..\public\code\db\dataStruct\continueValueStruct.h">
      <Filter>public\db\dataStruct</Filter>
    </ClInclude>
    <ClInclude Include="..\public\code\db\dataStruct\calcRateStruct.h">
      <Filter>public\db\dataStruct</Filter>
    </ClInclude>
    <ClInclude Include="..\public\code\db\dataStruct\curRateStruct.h">
      <Filter>public\db\dataStruct</Filter>
    </ClInclude>
    <ClInclude Include="..\public\code\db\dataStruct\monitorValueStruct.h">
      <Filter>public\db\dataStruct</Filter>
    </ClInclude>
    <ClInclude Include="..\public\code\db\dataStruct\optValueStruct.h">
      <Filter>public\db\dataStruct</Filter>
    </ClInclude>
    <ClInclude Include="..\public\code\db\dataStruct\threadStatusStruct.h">
      <Filter>public\db\dataStruct</Filter>
    </ClInclude>
    <ClInclude Include="..\public\code\db\dataStruct\processTaskInfoStruct.h">
      <Filter>public\db\dataStruct</Filter>
    </ClInclude>
    <ClInclude Include="..\public\code\db\dataStruct\testDbInfoStruct.h">
      <Filter>public\db\dataStruct</Filter>
    </ClInclude>
    <ClInclude Include="..\public\code\table\Field.h">
      <Filter>public\table</Filter>
    </ClInclude>
    <ClInclude Include="..\public\code\table\Row.h">
      <Filter>public\table</Filter>
    </ClInclude>
    <ClInclude Include="..\public\code\table\Table.h">
      <Filter>public\table</Filter>
    </ClInclude>
    <ClInclude Include="..\public\code\table\TableStruct.h">
      <Filter>public\table</Filter>
    </ClInclude>
    <ClInclude Include="..\public\code\table\Value.h">
      <Filter>public\table</Filter>
    </ClInclude>
    <ClInclude Include="..\public\code\rate\CurRate.h">
      <Filter>public\rate</Filter>
    </ClInclude>
    <ClInclude Include="..\public\code\rate\HisRate.h">
      <Filter>public\rate</Filter>
    </ClInclude>
    <ClInclude Include="..\public\code\rate\rateInfo.h">
      <Filter>public\rate</Filter>
    </ClInclude>
    <ClInclude Include="..\public\code\tools\FunctionLog.h">
      <Filter>public\tools</Filter>
    </ClInclude>
    <ClInclude Include="..\public\code\tools\twiceLog.h">
      <Filter>public\tools</Filter>
    </ClInclude>
    <ClInclude Include="..\public\code\account\flxOpt.h">
      <Filter>public\account</Filter>
    </ClInclude>
    <ClInclude Include="..\public\code\account\monitor.h">
      <Filter>public\account</Filter>
    </ClInclude>
    <ClInclude Include="..\public\code\account\optAccount.h">
      <Filter>public\account</Filter>
    </ClInclude>
    <ClInclude Include="..\public\code\thread\baseThread.h">
      <Filter>public\thread</Filter>
    </ClInclude>
    <ClInclude Include="..\public\code\thread\calcThread.h">
      <Filter>public\thread</Filter>
    </ClInclude>
  </ItemGroup>
  <ItemGroup>
    <ClCompile Include="SqlCreater.cpp">
      <Filter>源文件</Filter>
    </ClCompile>
    <ClCompile Include="..\public\code\AutoMutex.cpp">
      <Filter>public</Filter>
    </ClCompile>
    <ClCompile Include="..\public\code\Exception.cpp">
      <Filter>public</Filter>
    </ClCompile>
    <ClCompile Include="..\public\code\LogObj.cpp">
      <Filter>public</Filter>
    </ClCompile>
    <ClCompile Include="..\public\code\PubFun.cpp">
      <Filter>public</Filter>
    </ClCompile>
    <ClCompile Include="..\public\code\task\dbTestTask.cpp">
      <Filter>public\task</Filter>
    </ClCompile>
    <ClCompile Include="..\public\code\task\taskBuilder.cpp">
      <Filter>public\task</Filter>
    </ClCompile>
    <ClCompile Include="..\public\code\task\taskRunner.cpp">
      <Filter>public\task</Filter>
    </ClCompile>
    <ClCompile Include="..\public\code\tinyXml\echo.cpp">
      <Filter>public\tinyXml</Filter>
    </ClCompile>
    <ClCompile Include="..\public\code\tinyXml\tinystr.cpp">
      <Filter>public\tinyXml</Filter>
    </ClCompile>
    <ClCompile Include="..\public\code\tinyXml\tinyxml.cpp">
      <Filter>public\tinyXml</Filter>
    </ClCompile>
    <ClCompile Include="..\public\code\tinyXml\tinyxmlerror.cpp">
      <Filter>public\tinyXml</Filter>
    </ClCompile>
    <ClCompile Include="..\public\code\tinyXml\tinyxmlparser.cpp">
      <Filter>public\tinyXml</Filter>
    </ClCompile>
    <ClCompile Include="..\public\code\process\baseProcess.cpp">
      <Filter>public\process</Filter>
    </ClCompile>
    <ClCompile Include="..\public\code\process\calcProData.cpp">
      <Filter>public\process</Filter>
    </ClCompile>
    <ClCompile Include="..\public\code\process\calcProcess.cpp">
      <Filter>public\process</Filter>
    </ClCompile>
    <ClCompile Include="..\public\code\process\processType.cpp">
      <Filter>public\process</Filter>
    </ClCompile>
    <ClCompile Include="..\public\code\process\cap\additionCap.cpp">
      <Filter>public\process\cap</Filter>
    </ClCompile>
    <ClCompile Include="..\public\code\process\cap\baseCap.cpp">
      <Filter>public\process\cap</Filter>
    </ClCompile>
    <ClCompile Include="..\public\code\process\cap\speadCap.cpp">
      <Filter>public\process\cap</Filter>
    </ClCompile>
    <ClCompile Include="..\public\code\process\cap\threshold.cpp">
      <Filter>public\process\cap</Filter>
    </ClCompile>
    <ClCompile Include="..\public\code\process\calculation\baseCalc.cpp">
      <Filter>public\process\calculation</Filter>
    </ClCompile>
    <ClCompile Include="..\public\code\process\obj\baseAnalysis.cpp">
      <Filter>public\process\obj</Filter>
    </ClCompile>
    <ClCompile Include="..\public\code\process\obj\proCorrecting.cpp">
      <Filter>public\process\obj</Filter>
    </ClCompile>
    <ClCompile Include="..\public\code\process\obj\rateValue.cpp">
      <Filter>public\process\obj</Filter>
    </ClCompile>
    <ClCompile Include="..\public\code\process\obj\sum.cpp">
      <Filter>public\process\obj</Filter>
    </ClCompile>
    <ClCompile Include="..\public\code\process\obj\sumByTime.cpp">
      <Filter>public\process\obj</Filter>
    </ClCompile>
    <ClCompile Include="..\public\code\process\obj\continue\continueAnalysis.cpp">
      <Filter>public\process\obj\continue</Filter>
    </ClCompile>
    <ClCompile Include="..\public\code\process\obj\continue\continueFinder.cpp">
      <Filter>public\process\obj\continue</Filter>
    </ClCompile>
    <ClCompile Include="..\public\code\process\obj\continue\continueJudgeGroup.cpp">
      <Filter>public\process\obj\continue</Filter>
    </ClCompile>
    <ClCompile Include="..\public\code\process\obj\continue\continueJudgeObj.cpp">
      <Filter>public\process\obj\continue</Filter>
    </ClCompile>
    <ClCompile Include="..\public\code\process\obj\continue\continueKeeper.cpp">
      <Filter>public\process\obj\continue</Filter>
    </ClCompile>
    <ClCompile Include="..\public\code\process\obj\continue\continueObj.cpp">
      <Filter>public\process\obj\continue</Filter>
    </ClCompile>
    <ClCompile Include="..\public\code\process\obj\continue\continueValue.cpp">
      <Filter>public\process\obj\continue</Filter>
    </ClCompile>
    <ClCompile Include="..\public\code\process\obj\function\baseFun.cpp">
      <Filter>public\process\obj\function</Filter>
    </ClCompile>
    <ClCompile Include="..\public\code\process\obj\function\fun1.cpp">
      <Filter>public\process\obj\function</Filter>
    </ClCompile>
    <ClCompile Include="..\public\code\process\obj\average\averageAnalysis.cpp">
      <Filter>public\process\obj\average</Filter>
    </ClCompile>
    <ClCompile Include="..\public\code\process\obj\average\averageObj.cpp">
      <Filter>public\process\obj\average</Filter>
    </ClCompile>
    <ClCompile Include="..\public\code\process\decision\averageDecision.cpp">
      <Filter>public\process\decision</Filter>
    </ClCompile>
    <ClCompile Include="..\public\code\process\decision\continueDecision.cpp">
      <Filter>public\process\decision</Filter>
    </ClCompile>
    <ClCompile Include="..\public\code\data\globalData.cpp">
      <Filter>public\data</Filter>
    </ClCompile>
    <ClCompile Include="..\public\code\db\dateOperateion.cpp">
      <Filter>public\db</Filter>
    </ClCompile>
    <ClCompile Include="..\public\code\db\DbFunc.cpp">
      <Filter>public\db</Filter>
    </ClCompile>
    <ClCompile Include="..\public\code\db\DbObj.cpp">
      <Filter>public\db</Filter>
    </ClCompile>
    <ClCompile Include="..\public\code\db\VspdCToMySQL.cpp">
      <Filter>public\db</Filter>
    </ClCompile>
    <ClCompile Include="..\public\code\db\dataStruct\baseCurRateStruct.cpp">
      <Filter>public\db\dataStruct</Filter>
    </ClCompile>
    <ClCompile Include="..\public\code\db\dataStruct\continueValueStruct.cpp">
      <Filter>public\db\dataStruct</Filter>
    </ClCompile>
    <ClCompile Include="..\public\code\db\dataStruct\calcRateStruct.cpp">
      <Filter>public\db\dataStruct</Filter>
    </ClCompile>
    <ClCompile Include="..\public\code\db\dataStruct\curRateStruct.cpp">
      <Filter>public\db\dataStruct</Filter>
    </ClCompile>
    <ClCompile Include="..\public\code\db\dataStruct\monitorValueStruct.cpp">
      <Filter>public\db\dataStruct</Filter>
    </ClCompile>
    <ClCompile Include="..\public\code\db\dataStruct\optValueStruct.cpp">
      <Filter>public\db\dataStruct</Filter>
    </ClCompile>
    <ClCompile Include="..\public\code\db\dataStruct\threadStatusStruct.cpp">
      <Filter>public\db\dataStruct</Filter>
    </ClCompile>
    <ClCompile Include="..\public\code\db\dataStruct\processTaskInfoStruct.cpp">
      <Filter>public\db\dataStruct</Filter>
    </ClCompile>
    <ClCompile Include="..\public\code\db\dataStruct\testDbInfoStruct.cpp">
      <Filter>public\db\dataStruct</Filter>
    </ClCompile>
    <ClCompile Include="..\public\code\table\Field.cpp">
      <Filter>public\table</Filter>
    </ClCompile>
    <ClCompile Include="..\public\code\table\Row.cpp">
      <Filter>public\table</Filter>
    </ClCompile>
    <ClCompile Include="..\public\code\table\Table.cpp">
      <Filter>public\table</Filter>
    </ClCompile>
    <ClCompile Include="..\public\code\table\TableStruct.cpp">
      <Filter>public\table</Filter>
    </ClCompile>
    <ClCompile Include="..\public\code\table\Value.cpp">
      <Filter>public\table</Filter>
    </ClCompile>
    <ClCompile Include="..\public\code\rate\CurRate.cpp">
      <Filter>public\rate</Filter>
    </ClCompile>
    <ClCompile Include="..\public\code\rate\HisRate.cpp">
      <Filter>public\rate</Filter>
    </ClCompile>
    <ClCompile Include="..\public\code\rate\rateInfo.cpp">
      <Filter>public\rate</Filter>
    </ClCompile>
    <ClCompile Include="..\public\code\tools\FunctionLog.cpp">
      <Filter>public\tools</Filter>
    </ClCompile>
    <ClCompile Include="..\public\code\tools\twiceLog.cpp">
      <Filter>public\tools</Filter>
    </ClCompile>
    <ClCompile Include="..\public\code\account\flxOpt.cpp">
      <Filter>public\account</Filter>
    </ClCompile>
    <ClCompile Include="..\public\code\account\monitor.cpp">
      <Filter>public\account</Filter>
    </ClCompile>
    <ClCompile Include="..\public\code\account\optAccount.cpp">
      <Filter>public\account</Filter>
    </ClCompile>
    <ClCompile Include="..\public\code\thread\baseThread.cpp">
      <Filter>public\thread</Filter>
    </ClCompile>
    <ClCompile Include="..\public\code\thread\calcThread.cpp">
      <Filter>public\thread</Filter>
    </ClCompile>
  </ItemGroup>
</Project>