<?xml version="1.0" encoding="utf-8"?>
<Project ToolsVersion="4.0" xmlns="http://schemas.microsoft.com/developer/msbuild/2003">
  <ItemGroup>
    <Filter Include="源文件">
      <UniqueIdentifier>{4FC737F1-C7A5-4376-A066-2A32D752A2FF}</UniqueIdentifier>
      <Extensions>cpp;c;cc;cxx;def;odl;idl;hpj;bat;asm;asmx</Extensions>
    </Filter>
    <Filter Include="头文件">
      <UniqueIdentifier>{93995380-89BD-4b04-88EB-625FBE52EBFB}</UniqueIdentifier>
      <Extensions>h;hpp;hxx;hm;inl;inc;xsd</Extensions>
    </Filter>
    <Filter Include="资源文件">
      <UniqueIdentifier>{67DA6AB6-F800-4c08-8B7A-83BB121AAD01}</UniqueIdentifier>
      <Extensions>rc;ico;cur;bmp;dlg;rc2;rct;bin;rgs;gif;jpg;jpeg;jpe;resx;tiff;tif;png;wav;mfcribbon-ms</Extensions>
    </Filter>
    <Filter Include="public">
      <UniqueIdentifier>{ed82be9c-8485-46b1-8642-931e5bfa45ab}</UniqueIdentifier>
    </Filter>
    <Filter Include="public\task">
      <UniqueIdentifier>{42476ab8-52c5-4f62-a49d-c5863459b176}</UniqueIdentifier>
    </Filter>
    <Filter Include="public\tinyXml">
      <UniqueIdentifier>{9c2b93a5-65ea-4c57-a20a-5267d577635f}</UniqueIdentifier>
    </Filter>
    <Filter Include="public\process">
      <UniqueIdentifier>{8c348a09-1032-4b70-835e-2908018c4f74}</UniqueIdentifier>
    </Filter>
    <Filter Include="public\process\cap">
      <UniqueIdentifier>{e227d4dd-403f-44a8-a07f-49516b1f1b20}</UniqueIdentifier>
    </Filter>
    <Filter Include="public\data">
      <UniqueIdentifier>{a5ae2b5a-262a-4466-8857-3c8e97b9f0bd}</UniqueIdentifier>
    </Filter>
    <Filter Include="public\db">
      <UniqueIdentifier>{b40ad3fc-3030-4f78-bf39-bd6415b2d182}</UniqueIdentifier>
    </Filter>
    <Filter Include="public\table">
      <UniqueIdentifier>{805f904c-d571-4a95-8301-676668e84eb8}</UniqueIdentifier>
    </Filter>
    <Filter Include="public\rate">
      <UniqueIdentifier>{e6c9153d-665d-475b-a769-79c27d33a920}</UniqueIdentifier>
    </Filter>
    <Filter Include="public\process\calculation">
      <UniqueIdentifier>{1901f4cc-97cd-4bc8-93af-220ef8b23a6f}</UniqueIdentifier>
    </Filter>
    <Filter Include="public\process\obj">
      <UniqueIdentifier>{6f184253-21af-45a7-9790-704dd26fa31b}</UniqueIdentifier>
    </Filter>
    <Filter Include="public\db\dataStruct">
      <UniqueIdentifier>{e9556d88-eeb3-42c7-99a2-88b914e524bd}</UniqueIdentifier>
    </Filter>
    <Filter Include="public\tools">
      <UniqueIdentifier>{292d0dab-d4fe-4305-828d-9e4ace8e35f8}</UniqueIdentifier>
    </Filter>
    <Filter Include="public\process\obj\continue">
      <UniqueIdentifier>{cb8111c1-188c-4ab8-93a5-7823593b23c5}</UniqueIdentifier>
    </Filter>
    <Filter Include="public\process\obj\function">
      <UniqueIdentifier>{c5c9eb5e-f169-48e9-a98f-d9b9c842c9e4}</UniqueIdentifier>
    </Filter>
    <Filter Include="public\account">
      <UniqueIdentifier>{847979eb-e939-4315-8a48-32dd9296c1a6}</UniqueIdentifier>
    </Filter>
    <Filter Include="public\process\decision">
      <UniqueIdentifier>{cf10d0ee-3e02-4f41-bd64-189521893fe1}</UniqueIdentifier>
    </Filter>
    <Filter Include="public\process\obj\average">
      <UniqueIdentifier>{b2421547-a448-4338-afae-13d3ad2cce8e}</UniqueIdentifier>
    </Filter>
  </ItemGroup>
  <ItemGroup>
    <Text Include="ReadMe.txt" />
  </ItemGroup>
  <ItemGroup>
    <ClInclude Include="targetver.h">
      <Filter>头文件</Filter>
    </ClInclude>
    <ClInclude Include="..\public\code\PubFun.h">
      <Filter>public</Filter>
    </ClInclude>
    <ClInclude Include="..\public\code\ConstDef.h">
      <Filter>public</Filter>
    </ClInclude>
    <ClInclude Include="..\public\code\task\baseTask.h">
      <Filter>public\task</Filter>
    </ClInclude>
    <ClInclude Include="..\public\code\task\taskRunner.h">
      <Filter>public\task</Filter>
    </ClInclude>
    <ClInclude Include="..\public\code\task\taskBuilder.h">
      <Filter>public\task</Filter>
    </ClInclude>
    <ClInclude Include="..\public\code\task\processTask.h">
      <Filter>public\task</Filter>
    </ClInclude>
    <ClInclude Include="..\public\code\tinyXml\tinystr.h">
      <Filter>public\tinyXml</Filter>
    </ClInclude>
    <ClInclude Include="..\public\code\tinyXml\tinyxml.h">
      <Filter>public\tinyXml</Filter>
    </ClInclude>
    <ClInclude Include="..\public\code\process\baseProcess.h">
      <Filter>public\process</Filter>
    </ClInclude>
    <ClInclude Include="..\public\code\process\cap\threshold.h">
      <Filter>public\process\cap</Filter>
    </ClInclude>
    <ClInclude Include="..\public\code\process\cap\additionCap.h">
      <Filter>public\process\cap</Filter>
    </ClInclude>
    <ClInclude Include="..\public\code\process\cap\baseCap.h">
      <Filter>public\process\cap</Filter>
    </ClInclude>
    <ClInclude Include="..\public\code\process\cap\speadCap.h">
      <Filter>public\process\cap</Filter>
    </ClInclude>
    <ClInclude Include="..\public\code\data\globalData.h">
      <Filter>public\data</Filter>
    </ClInclude>
    <ClInclude Include="..\public\code\db\VspdCToMySQL.h">
      <Filter>public\db</Filter>
    </ClInclude>
    <ClInclude Include="..\public\code\db\DbObj.h">
      <Filter>public\db</Filter>
    </ClInclude>
    <ClInclude Include="..\public\code\db\dateOperateion.h">
      <Filter>public\db</Filter>
    </ClInclude>
    <ClInclude Include="..\public\code\table\Table.h">
      <Filter>public\table</Filter>
    </ClInclude>
    <ClInclude Include="..\public\code\table\Row.h">
      <Filter>public\table</Filter>
    </ClInclude>
    <ClInclude Include="..\public\code\table\TableStruct.h">
      <Filter>public\table</Filter>
    </ClInclude>
    <ClInclude Include="..\public\code\table\Field.h">
      <Filter>public\table</Filter>
    </ClInclude>
    <ClInclude Include="..\public\code\rate\HisRate.h">
      <Filter>public\rate</Filter>
    </ClInclude>
    <ClInclude Include="..\public\code\rate\CurRate.h">
      <Filter>public\rate</Filter>
    </ClInclude>
    <ClInclude Include="..\public\code\process\processType.h">
      <Filter>public\process</Filter>
    </ClInclude>
    <ClInclude Include="..\public\code\process\calculation\baseCalc.h">
      <Filter>public\process\calculation</Filter>
    </ClInclude>
    <ClInclude Include="..\public\code\process\obj\sum.h">
      <Filter>public\process\obj</Filter>
    </ClInclude>
    <ClInclude Include="..\public\code\process\obj\proCorrecting.h">
      <Filter>public\process\obj</Filter>
    </ClInclude>
    <ClInclude Include="..\public\code\db\dataStruct\processStatusStruct.h">
      <Filter>public\db\dataStruct</Filter>
    </ClInclude>
    <ClInclude Include="..\public\code\db\dataStruct\processTaskInfoStruct.h">
      <Filter>public\db\dataStruct</Filter>
    </ClInclude>
    <ClInclude Include="..\public\code\db\dataStruct\curRateStruct.h">
      <Filter>public\db\dataStruct</Filter>
    </ClInclude>
    <ClInclude Include="..\public\code\db\DbFunc.h">
      <Filter>public\db</Filter>
    </ClInclude>
    <ClInclude Include="..\public\code\db\dataStruct\baseCurRateStruct.h">
      <Filter>public\db\dataStruct</Filter>
    </ClInclude>
    <ClInclude Include="..\public\code\Exception.h">
      <Filter>public</Filter>
    </ClInclude>
    <ClInclude Include="..\public\code\LogObj.h">
      <Filter>public</Filter>
    </ClInclude>
    <ClInclude Include="..\public\code\LinkedHashMap.h">
      <Filter>public</Filter>
    </ClInclude>
    <ClInclude Include="..\public\code\tools\FunctionLog.h">
      <Filter>public\tools</Filter>
    </ClInclude>
    <ClInclude Include="..\public\code\task\dbTestTask.h">
      <Filter>public\task</Filter>
    </ClInclude>
    <ClInclude Include="..\public\code\db\dataStruct\testDbInfoStruct.h">
      <Filter>public\db\dataStruct</Filter>
    </ClInclude>
    <ClInclude Include="..\public\code\process\obj\sumByTime.h">
      <Filter>public\process\obj</Filter>
    </ClInclude>
    <ClInclude Include="..\public\code\process\obj\rateValue.h">
      <Filter>public\process\obj</Filter>
    </ClInclude>
    <ClInclude Include="..\public\code\process\obj\continue\continueValue.h">
      <Filter>public\process\obj\continue</Filter>
    </ClInclude>
    <ClInclude Include="..\public\code\process\obj\continue\continueFinder.h">
      <Filter>public\process\obj\continue</Filter>
    </ClInclude>
    <ClInclude Include="..\public\code\process\obj\continue\continueObj.h">
      <Filter>public\process\obj\continue</Filter>
    </ClInclude>
    <ClInclude Include="..\public\code\process\obj\continue\continueJudgeGroup.h">
      <Filter>public\process\obj\continue</Filter>
    </ClInclude>
    <ClInclude Include="..\public\code\process\obj\continue\continueJudgeObj.h">
      <Filter>public\process\obj\continue</Filter>
    </ClInclude>
    <ClInclude Include="..\public\code\process\obj\continue\continueAnalysis.h">
      <Filter>public\process\obj\continue</Filter>
    </ClInclude>
    <ClInclude Include="..\public\code\table\Value.h">
      <Filter>public\table</Filter>
    </ClInclude>
    <ClInclude Include="..\public\code\process\obj\function\fun1.h">
      <Filter>public\process\obj\function</Filter>
    </ClInclude>
    <ClInclude Include="..\public\code\process\obj\function\baseFun.h">
      <Filter>public\process\obj\function</Filter>
    </ClInclude>
    <ClInclude Include="..\public\code\db\dataStruct\continueValueStruct.h">
      <Filter>public\db\dataStruct</Filter>
    </ClInclude>
    <ClInclude Include="..\public\code\process\obj\continue\continueKeeper.h">
      <Filter>public\process\obj\continue</Filter>
    </ClInclude>
    <ClInclude Include="..\public\code\account\optAccount.h">
      <Filter>public\account</Filter>
    </ClInclude>
    <ClInclude Include="..\public\code\account\monitor.h">
      <Filter>public\account</Filter>
    </ClInclude>
    <ClInclude Include="..\public\code\account\flxOpt.h">
      <Filter>public\account</Filter>
    </ClInclude>
    <ClInclude Include="..\public\code\db\dataStruct\monitorValueStruct.h">
      <Filter>public\db\dataStruct</Filter>
    </ClInclude>
    <ClInclude Include="..\public\code\process\decision\continueDecision.h">
      <Filter>public\process\decision</Filter>
    </ClInclude>
    <ClInclude Include="..\public\code\AutoMutex.h">
      <Filter>public</Filter>
    </ClInclude>
    <ClInclude Include="..\public\code\db\dataStruct\optValueStruct.h">
      <Filter>public\db\dataStruct</Filter>
    </ClInclude>
    <ClInclude Include="..\public\code\tools\twiceLog.h">
      <Filter>public\tools</Filter>
    </ClInclude>
    <ClInclude Include="..\public\code\rate\rateInfo.h">
      <Filter>public\rate</Filter>
    </ClInclude>
    <ClInclude Include="..\public\code\process\obj\average\averageAnalysis.h">
      <Filter>public\process\obj\average</Filter>
    </ClInclude>
    <ClInclude Include="..\public\code\process\obj\average\averageObj.h">
      <Filter>public\process\obj\average</Filter>
    </ClInclude>
    <ClInclude Include="..\public\code\process\decision\averageDecision.h">
      <Filter>public\process\decision</Filter>
    </ClInclude>
    <ClInclude Include="..\public\code\db\dataStruct\calcRateStruct.h">
      <Filter>public\db\dataStruct</Filter>
    </ClInclude>
    <ClInclude Include="..\public\code\process\calcProcess.h">
      <Filter>public\process</Filter>
    </ClInclude>
    <ClInclude Include="..\public\code\process\obj\baseAnalysis.h">
      <Filter>public\process\obj</Filter>
    </ClInclude>
    <ClInclude Include="..\public\code\process\calcProData.h">
      <Filter>public\process</Filter>
    </ClInclude>
  </ItemGroup>
  <ItemGroup>
    <ClCompile Include="DataProcess.cpp">
      <Filter>源文件</Filter>
    </ClCompile>
    <ClCompile Include="..\public\code\PubFun.cpp">
      <Filter>public</Filter>
    </ClCompile>
    <ClCompile Include="..\public\code\task\baseTask.cpp">
      <Filter>public\task</Filter>
    </ClCompile>
    <ClCompile Include="..\public\code\task\taskRunner.cpp">
      <Filter>public\task</Filter>
    </ClCompile>
    <ClCompile Include="..\public\code\task\taskBuilder.cpp">
      <Filter>public\task</Filter>
    </ClCompile>
    <ClCompile Include="..\public\code\task\processTask.cpp">
      <Filter>public\task</Filter>
    </ClCompile>
    <ClCompile Include="..\public\code\tinyXml\tinyxmlerror.cpp">
      <Filter>public\tinyXml</Filter>
    </ClCompile>
    <ClCompile Include="..\public\code\tinyXml\tinyxmlparser.cpp">
      <Filter>public\tinyXml</Filter>
    </ClCompile>
    <ClCompile Include="..\public\code\tinyXml\echo.cpp">
      <Filter>public\tinyXml</Filter>
    </ClCompile>
    <ClCompile Include="..\public\code\tinyXml\tinystr.cpp">
      <Filter>public\tinyXml</Filter>
    </ClCompile>
    <ClCompile Include="..\public\code\tinyXml\tinyxml.cpp">
      <Filter>public\tinyXml</Filter>
    </ClCompile>
    <ClCompile Include="..\public\code\process\baseProcess.cpp">
      <Filter>public\process</Filter>
    </ClCompile>
    <ClCompile Include="..\public\code\process\cap\baseCap.cpp">
      <Filter>public\process\cap</Filter>
    </ClCompile>
    <ClCompile Include="..\public\code\process\cap\speadCap.cpp">
      <Filter>public\process\cap</Filter>
    </ClCompile>
    <ClCompile Include="..\public\code\process\cap\additionCap.cpp">
      <Filter>public\process\cap</Filter>
    </ClCompile>
    <ClCompile Include="..\public\code\process\cap\threshold.cpp">
      <Filter>public\process\cap</Filter>
    </ClCompile>
    <ClCompile Include="..\public\code\data\globalData.cpp">
      <Filter>public\data</Filter>
    </ClCompile>
    <ClCompile Include="..\public\code\db\dateOperateion.cpp">
      <Filter>public\db</Filter>
    </ClCompile>
    <ClCompile Include="..\public\code\db\DbObj.cpp">
      <Filter>public\db</Filter>
    </ClCompile>
    <ClCompile Include="..\public\code\db\VspdCToMySQL.cpp">
      <Filter>public\db</Filter>
    </ClCompile>
    <ClCompile Include="..\public\code\table\Row.cpp">
      <Filter>public\table</Filter>
    </ClCompile>
    <ClCompile Include="..\public\code\table\TableStruct.cpp">
      <Filter>public\table</Filter>
    </ClCompile>
    <ClCompile Include="..\public\code\table\Field.cpp">
      <Filter>public\table</Filter>
    </ClCompile>
    <ClCompile Include="..\public\code\table\Table.cpp">
      <Filter>public\table</Filter>
    </ClCompile>
    <ClCompile Include="..\public\code\rate\CurRate.cpp">
      <Filter>public\rate</Filter>
    </ClCompile>
    <ClCompile Include="..\public\code\rate\HisRate.cpp">
      <Filter>public\rate</Filter>
    </ClCompile>
    <ClCompile Include="..\public\code\process\processType.cpp">
      <Filter>public\process</Filter>
    </ClCompile>
    <ClCompile Include="..\public\code\process\calculation\baseCalc.cpp">
      <Filter>public\process\calculation</Filter>
    </ClCompile>
    <ClCompile Include="..\public\code\process\obj\sum.cpp">
      <Filter>public\process\obj</Filter>
    </ClCompile>
    <ClCompile Include="..\public\code\process\obj\proCorrecting.cpp">
      <Filter>public\process\obj</Filter>
    </ClCompile>
    <ClCompile Include="..\public\code\db\dataStruct\processStatusStruct.cpp">
      <Filter>public\db\dataStruct</Filter>
    </ClCompile>
    <ClCompile Include="..\public\code\db\dataStruct\processTaskInfoStruct.cpp">
      <Filter>public\db\dataStruct</Filter>
    </ClCompile>
    <ClCompile Include="..\public\code\db\dataStruct\curRateStruct.cpp">
      <Filter>public\db\dataStruct</Filter>
    </ClCompile>
    <ClCompile Include="..\public\code\db\DbFunc.cpp">
      <Filter>public\db</Filter>
    </ClCompile>
    <ClCompile Include="..\public\code\db\dataStruct\baseCurRateStruct.cpp">
      <Filter>public\db\dataStruct</Filter>
    </ClCompile>
    <ClCompile Include="..\public\code\Exception.cpp">
      <Filter>public</Filter>
    </ClCompile>
    <ClCompile Include="..\public\code\LogObj.cpp">
      <Filter>public</Filter>
    </ClCompile>
    <ClCompile Include="..\public\code\tools\FunctionLog.cpp">
      <Filter>public\tools</Filter>
    </ClCompile>
    <ClCompile Include="..\public\code\task\dbTestTask.cpp">
      <Filter>public\task</Filter>
    </ClCompile>
    <ClCompile Include="..\public\code\db\dataStruct\testDbInfoStruct.cpp">
      <Filter>public\db\dataStruct</Filter>
    </ClCompile>
    <ClCompile Include="..\public\code\process\obj\sumByTime.cpp">
      <Filter>public\process\obj</Filter>
    </ClCompile>
    <ClCompile Include="..\public\code\process\obj\rateValue.cpp">
      <Filter>public\process\obj</Filter>
    </ClCompile>
    <ClCompile Include="..\public\code\process\obj\continue\continueFinder.cpp">
      <Filter>public\process\obj\continue</Filter>
    </ClCompile>
    <ClCompile Include="..\public\code\process\obj\continue\continueObj.cpp">
      <Filter>public\process\obj\continue</Filter>
    </ClCompile>
    <ClCompile Include="..\public\code\process\obj\continue\continueJudgeObj.cpp">
      <Filter>public\process\obj\continue</Filter>
    </ClCompile>
    <ClCompile Include="..\public\code\process\obj\continue\continueJudgeGroup.cpp">
      <Filter>public\process\obj\continue</Filter>
    </ClCompile>
    <ClCompile Include="..\public\code\process\obj\continue\continueAnalysis.cpp">
      <Filter>public\process\obj\continue</Filter>
    </ClCompile>
    <ClCompile Include="..\public\code\process\obj\continue\continueValue.cpp">
      <Filter>public\process\obj\continue</Filter>
    </ClCompile>
    <ClCompile Include="..\public\code\table\Value.cpp">
      <Filter>public\table</Filter>
    </ClCompile>
    <ClCompile Include="..\public\code\process\obj\function\fun1.cpp">
      <Filter>public\process\obj\function</Filter>
    </ClCompile>
    <ClCompile Include="..\public\code\process\obj\function\baseFun.cpp">
      <Filter>public\process\obj\function</Filter>
    </ClCompile>
    <ClCompile Include="..\public\code\db\dataStruct\continueValueStruct.cpp">
      <Filter>public\db\dataStruct</Filter>
    </ClCompile>
    <ClCompile Include="..\public\code\process\obj\continue\continueKeeper.cpp">
      <Filter>public\process\obj\continue</Filter>
    </ClCompile>
    <ClCompile Include="..\public\code\account\optAccount.cpp">
      <Filter>public\account</Filter>
    </ClCompile>
    <ClCompile Include="..\public\code\account\monitor.cpp">
      <Filter>public\account</Filter>
    </ClCompile>
    <ClCompile Include="..\public\code\account\flxOpt.cpp">
      <Filter>public\account</Filter>
    </ClCompile>
    <ClCompile Include="..\public\code\db\dataStruct\monitorValueStruct.cpp">
      <Filter>public\db\dataStruct</Filter>
    </ClCompile>
    <ClCompile Include="..\public\code\process\decision\continueDecision.cpp">
      <Filter>public\process\decision</Filter>
    </ClCompile>
    <ClCompile Include="..\public\code\AutoMutex.cpp">
      <Filter>public</Filter>
    </ClCompile>
    <ClCompile Include="..\public\code\db\dataStruct\optValueStruct.cpp">
      <Filter>public\db\dataStruct</Filter>
    </ClCompile>
    <ClCompile Include="..\public\code\tools\twiceLog.cpp">
      <Filter>public\tools</Filter>
    </ClCompile>
    <ClCompile Include="..\public\code\rate\rateInfo.cpp">
      <Filter>public\rate</Filter>
    </ClCompile>
    <ClCompile Include="..\public\code\process\obj\average\averageObj.cpp">
      <Filter>public\process\obj\average</Filter>
    </ClCompile>
    <ClCompile Include="..\public\code\process\obj\average\averageAnalysis.cpp">
      <Filter>public\process\obj\average</Filter>
    </ClCompile>
    <ClCompile Include="..\public\code\process\decision\averageDecision.cpp">
      <Filter>public\process\decision</Filter>
    </ClCompile>
    <ClCompile Include="..\public\code\db\dataStruct\calcRateStruct.cpp">
      <Filter>public\db\dataStruct</Filter>
    </ClCompile>
    <ClCompile Include="..\public\code\process\calcProcess.cpp">
      <Filter>public\process</Filter>
    </ClCompile>
    <ClCompile Include="..\public\code\process\obj\baseAnalysis.cpp">
      <Filter>public\process\obj</Filter>
    </ClCompile>
    <ClCompile Include="..\public\code\process\calcProData.cpp">
      <Filter>public\process</Filter>
    </ClCompile>
  </ItemGroup>
  <ItemGroup>
    <None Include="ClassDiagram.cd" />
  </ItemGroup>
</Project>